
Microsoft Visual Studio Solution File, Format Version 12.00
# Visual Studio Version 16
VisualStudioVersion = 16.0.29926.136
MinimumVisualStudioVersion = 10.0.40219.1
Project("{8BC9CEB8-8B4A-11D0-8D11-00A0C91BC942}") = "LAB10_A", "LAB10_A\LAB10_A.vcxproj", "{F1813F39-C77B-410E-91A8-6CC5F338A05E}"
EndProject
Project("{8BC9CEB8-8B4A-11D0-8D11-00A0C91BC942}") = "LAB10_1_1", "LAB10_1_1\LAB10_1_1.vcxproj", "{C7264CDA-3FB4-49EC-A4E4-A0913A3A80BB}"
EndProject
Project("{8BC9CEB8-8B4A-11D0-8D11-00A0C91BC942}") = "LAB10_1_2", "LAB10_1_2\LAB10_1_2.vcxproj", "{7C36EA39-35FA-4A09-976B-4DF3BBA89F1D}"
EndProject
Project("{8BC9CEB8-8B4A-11D0-8D11-00A0C91BC942}") = "HW10_1", "HW10_1\HW10_1.vcxproj", "{746A4C3E-E7B1-4458-AA88-16AA261BF8EC}"
EndProject
Project("{8BC9CEB8-8B4A-11D0-8D11-00A0C91BC942}") = "LAB10_2", "LAB10_2\LAB10_2.vcxproj", "{4EEEF99A-987A-4368-9BC2-C456A4162605}"
EndProject
Project("{8BC9CEB8-8B4A-11D0-8D11-00A0C91BC942}") = "HW10_2", "HW10_2\HW10_2.vcxproj", "{C6DC01B6-FB19-4731-B67B-33F6150549B6}"
EndProject
Project("{8BC9CEB8-8B4A-11D0-8D11-00A0C91BC942}") = "LAB10_3", "LAB10_3\LAB10_3.vcxproj", "{48BD3CB5-A664-49C9-84D3-B370774463F7}"
EndProject
Project("{8BC9CEB8-8B4A-11D0-8D11-00A0C91BC942}") = "HW10_3", "HW10_3\HW10_3.vcxproj", "{0A68BD39-A9E8-4A18-902D-26A95B2E3EE4}"
EndProject
Project("{8BC9CEB8-8B4A-11D0-8D11-00A0C91BC942}") = "LAB10_4", "LAB10_4\LAB10_4.vcxproj", "{C08711D3-4084-4C81-94AD-2D061F0807B9}"
EndProject
Project("{8BC9CEB8-8B4A-11D0-8D11-00A0C91BC942}") = "LAB10_5_0", "LAB10_5_0\LAB10_5_0.vcxproj", "{83DFBDB2-187F-42B9-A519-21B06380D0E3}"
EndProject
Project("{8BC9CEB8-8B4A-11D0-8D11-00A0C91BC942}") = "LAB10_5_1", "LAB10_5_1\LAB10_5_1.vcxproj", "{81CB713B-D13A-4408-A847-37A1741176AF}"
EndProject
Project("{8BC9CEB8-8B4A-11D0-8D11-00A0C91BC942}") = "HW10_4", "HW10_4\HW10_4.vcxproj", "{1AB6876E-23A1-41E2-82CC-F8D5461BD509}"
EndProject
Project("{8BC9CEB8-8B4A-11D0-8D11-00A0C91BC942}") = "Challenge10", "Challenge10\Challenge10.vcxproj", "{432D90B1-C2DE-48CD-9F63-72ADFBE9B7C8}"
EndProject
Global
	GlobalSection(SolutionConfigurationPlatforms) = preSolution
		Debug|x64 = Debug|x64
		Debug|x86 = Debug|x86
		Release|x64 = Release|x64
		Release|x86 = Release|x86
	EndGlobalSection
	GlobalSection(ProjectConfigurationPlatforms) = postSolution
		{F1813F39-C77B-410E-91A8-6CC5F338A05E}.Debug|x64.ActiveCfg = Debug|x64
		{F1813F39-C77B-410E-91A8-6CC5F338A05E}.Debug|x64.Build.0 = Debug|x64
		{F1813F39-C77B-410E-91A8-6CC5F338A05E}.Debug|x86.ActiveCfg = Debug|Win32
		{F1813F39-C77B-410E-91A8-6CC5F338A05E}.Debug|x86.Build.0 = Debug|Win32
		{F1813F39-C77B-410E-91A8-6CC5F338A05E}.Release|x64.ActiveCfg = Release|x64
		{F1813F39-C77B-410E-91A8-6CC5F338A05E}.Release|x64.Build.0 = Release|x64
		{F1813F39-C77B-410E-91A8-6CC5F338A05E}.Release|x86.ActiveCfg = Release|Win32
		{F1813F39-C77B-410E-91A8-6CC5F338A05E}.Release|x86.Build.0 = Release|Win32
		{C7264CDA-3FB4-49EC-A4E4-A0913A3A80BB}.Debug|x64.ActiveCfg = Debug|x64
		{C7264CDA-3FB4-49EC-A4E4-A0913A3A80BB}.Debug|x64.Build.0 = Debug|x64
		{C7264CDA-3FB4-49EC-A4E4-A0913A3A80BB}.Debug|x86.ActiveCfg = Debug|Win32
		{C7264CDA-3FB4-49EC-A4E4-A0913A3A80BB}.Debug|x86.Build.0 = Debug|Win32
		{C7264CDA-3FB4-49EC-A4E4-A0913A3A80BB}.Release|x64.ActiveCfg = Release|x64
		{C7264CDA-3FB4-49EC-A4E4-A0913A3A80BB}.Release|x64.Build.0 = Release|x64
		{C7264CDA-3FB4-49EC-A4E4-A0913A3A80BB}.Release|x86.ActiveCfg = Release|Win32
		{C7264CDA-3FB4-49EC-A4E4-A0913A3A80BB}.Release|x86.Build.0 = Release|Win32
		{7C36EA39-35FA-4A09-976B-4DF3BBA89F1D}.Debug|x64.ActiveCfg = Debug|x64
		{7C36EA39-35FA-4A09-976B-4DF3BBA89F1D}.Debug|x64.Build.0 = Debug|x64
		{7C36EA39-35FA-4A09-976B-4DF3BBA89F1D}.Debug|x86.ActiveCfg = Debug|Win32
		{7C36EA39-35FA-4A09-976B-4DF3BBA89F1D}.Debug|x86.Build.0 = Debug|Win32
		{7C36EA39-35FA-4A09-976B-4DF3BBA89F1D}.Release|x64.ActiveCfg = Release|x64
		{7C36EA39-35FA-4A09-976B-4DF3BBA89F1D}.Release|x64.Build.0 = Release|x64
		{7C36EA39-35FA-4A09-976B-4DF3BBA89F1D}.Release|x86.ActiveCfg = Release|Win32
		{7C36EA39-35FA-4A09-976B-4DF3BBA89F1D}.Release|x86.Build.0 = Release|Win32
		{746A4C3E-E7B1-4458-AA88-16AA261BF8EC}.Debug|x64.ActiveCfg = Debug|x64
		{746A4C3E-E7B1-4458-AA88-16AA261BF8EC}.Debug|x64.Build.0 = Debug|x64
		{746A4C3E-E7B1-4458-AA88-16AA261BF8EC}.Debug|x86.ActiveCfg = Debug|Win32
		{746A4C3E-E7B1-4458-AA88-16AA261BF8EC}.Debug|x86.Build.0 = Debug|Win32
		{746A4C3E-E7B1-4458-AA88-16AA261BF8EC}.Release|x64.ActiveCfg = Release|x64
		{746A4C3E-E7B1-4458-AA88-16AA261BF8EC}.Release|x64.Build.0 = Release|x64
		{746A4C3E-E7B1-4458-AA88-16AA261BF8EC}.Release|x86.ActiveCfg = Release|Win32
		{746A4C3E-E7B1-4458-AA88-16AA261BF8EC}.Release|x86.Build.0 = Release|Win32
		{4EEEF99A-987A-4368-9BC2-C456A4162605}.Debug|x64.ActiveCfg = Debug|x64
		{4EEEF99A-987A-4368-9BC2-C456A4162605}.Debug|x64.Build.0 = Debug|x64
		{4EEEF99A-987A-4368-9BC2-C456A4162605}.Debug|x86.ActiveCfg = Debug|Win32
		{4EEEF99A-987A-4368-9BC2-C456A4162605}.Debug|x86.Build.0 = Debug|Win32
		{4EEEF99A-987A-4368-9BC2-C456A4162605}.Release|x64.ActiveCfg = Release|x64
		{4EEEF99A-987A-4368-9BC2-C456A4162605}.Release|x64.Build.0 = Release|x64
		{4EEEF99A-987A-4368-9BC2-C456A4162605}.Release|x86.ActiveCfg = Release|Win32
		{4EEEF99A-987A-4368-9BC2-C456A4162605}.Release|x86.Build.0 = Release|Win32
		{C6DC01B6-FB19-4731-B67B-33F6150549B6}.Debug|x64.ActiveCfg = Debug|x64
		{C6DC01B6-FB19-4731-B67B-33F6150549B6}.Debug|x64.Build.0 = Debug|x64
		{C6DC01B6-FB19-4731-B67B-33F6150549B6}.Debug|x86.ActiveCfg = Debug|Win32
		{C6DC01B6-FB19-4731-B67B-33F6150549B6}.Debug|x86.Build.0 = Debug|Win32
		{C6DC01B6-FB19-4731-B67B-33F6150549B6}.Release|x64.ActiveCfg = Release|x64
		{C6DC01B6-FB19-4731-B67B-33F6150549B6}.Release|x64.Build.0 = Release|x64
		{C6DC01B6-FB19-4731-B67B-33F6150549B6}.Release|x86.ActiveCfg = Release|Win32
		{C6DC01B6-FB19-4731-B67B-33F6150549B6}.Release|x86.Build.0 = Release|Win32
		{48BD3CB5-A664-49C9-84D3-B370774463F7}.Debug|x64.ActiveCfg = Debug|x64
		{48BD3CB5-A664-49C9-84D3-B370774463F7}.Debug|x64.Build.0 = Debug|x64
		{48BD3CB5-A664-49C9-84D3-B370774463F7}.Debug|x86.ActiveCfg = Debug|Win32
		{48BD3CB5-A664-49C9-84D3-B370774463F7}.Debug|x86.Build.0 = Debug|Win32
		{48BD3CB5-A664-49C9-84D3-B370774463F7}.Release|x64.ActiveCfg = Release|x64
		{48BD3CB5-A664-49C9-84D3-B370774463F7}.Release|x64.Build.0 = Release|x64
		{48BD3CB5-A664-49C9-84D3-B370774463F7}.Release|x86.ActiveCfg = Release|Win32
		{48BD3CB5-A664-49C9-84D3-B370774463F7}.Release|x86.Build.0 = Release|Win32
		{0A68BD39-A9E8-4A18-902D-26A95B2E3EE4}.Debug|x64.ActiveCfg = Debug|x64
		{0A68BD39-A9E8-4A18-902D-26A95B2E3EE4}.Debug|x64.Build.0 = Debug|x64
		{0A68BD39-A9E8-4A18-902D-26A95B2E3EE4}.Debug|x86.ActiveCfg = Debug|Win32
		{0A68BD39-A9E8-4A18-902D-26A95B2E3EE4}.Debug|x86.Build.0 = Debug|Win32
		{0A68BD39-A9E8-4A18-902D-26A95B2E3EE4}.Release|x64.ActiveCfg = Release|x64
		{0A68BD39-A9E8-4A18-902D-26A95B2E3EE4}.Release|x64.Build.0 = Release|x64
		{0A68BD39-A9E8-4A18-902D-26A95B2E3EE4}.Release|x86.ActiveCfg = Release|Win32
		{0A68BD39-A9E8-4A18-902D-26A95B2E3EE4}.Release|x86.Build.0 = Release|Win32
		{C08711D3-4084-4C81-94AD-2D061F0807B9}.Debug|x64.ActiveCfg = Debug|x64
		{C08711D3-4084-4C81-94AD-2D061F0807B9}.Debug|x64.Build.0 = Debug|x64
		{C08711D3-4084-4C81-94AD-2D061F0807B9}.Debug|x86.ActiveCfg = Debug|Win32
		{C08711D3-4084-4C81-94AD-2D061F0807B9}.Debug|x86.Build.0 = Debug|Win32
		{C08711D3-4084-4C81-94AD-2D061F0807B9}.Release|x64.ActiveCfg = Release|x64
		{C08711D3-4084-4C81-94AD-2D061F0807B9}.Release|x64.Build.0 = Release|x64
		{C08711D3-4084-4C81-94AD-2D061F0807B9}.Release|x86.ActiveCfg = Release|Win32
		{C08711D3-4084-4C81-94AD-2D061F0807B9}.Release|x86.Build.0 = Release|Win32
		{83DFBDB2-187F-42B9-A519-21B06380D0E3}.Debug|x64.ActiveCfg = Debug|x64
		{83DFBDB2-187F-42B9-A519-21B06380D0E3}.Debug|x64.Build.0 = Debug|x64
		{83DFBDB2-187F-42B9-A519-21B06380D0E3}.Debug|x86.ActiveCfg = Debug|Win32
		{83DFBDB2-187F-42B9-A519-21B06380D0E3}.Debug|x86.Build.0 = Debug|Win32
		{83DFBDB2-187F-42B9-A519-21B06380D0E3}.Release|x64.ActiveCfg = Release|x64
		{83DFBDB2-187F-42B9-A519-21B06380D0E3}.Release|x64.Build.0 = Release|x64
		{83DFBDB2-187F-42B9-A519-21B06380D0E3}.Release|x86.ActiveCfg = Release|Win32
		{83DFBDB2-187F-42B9-A519-21B06380D0E3}.Release|x86.Build.0 = Release|Win32
		{81CB713B-D13A-4408-A847-37A1741176AF}.Debug|x64.ActiveCfg = Debug|x64
		{81CB713B-D13A-4408-A847-37A1741176AF}.Debug|x64.Build.0 = Debug|x64
		{81CB713B-D13A-4408-A847-37A1741176AF}.Debug|x86.ActiveCfg = Debug|Win32
		{81CB713B-D13A-4408-A847-37A1741176AF}.Debug|x86.Build.0 = Debug|Win32
		{81CB713B-D13A-4408-A847-37A1741176AF}.Release|x64.ActiveCfg = Release|x64
		{81CB713B-D13A-4408-A847-37A1741176AF}.Release|x64.Build.0 = Release|x64
		{81CB713B-D13A-4408-A847-37A1741176AF}.Release|x86.ActiveCfg = Release|Win32
		{81CB713B-D13A-4408-A847-37A1741176AF}.Release|x86.Build.0 = Release|Win32
		{1AB6876E-23A1-41E2-82CC-F8D5461BD509}.Debug|x64.ActiveCfg = Debug|x64
		{1AB6876E-23A1-41E2-82CC-F8D5461BD509}.Debug|x64.Build.0 = Debug|x64
		{1AB6876E-23A1-41E2-82CC-F8D5461BD509}.Debug|x86.ActiveCfg = Debug|Win32
		{1AB6876E-23A1-41E2-82CC-F8D5461BD509}.Debug|x86.Build.0 = Debug|Win32
		{1AB6876E-23A1-41E2-82CC-F8D5461BD509}.Release|x64.ActiveCfg = Release|x64
		{1AB6876E-23A1-41E2-82CC-F8D5461BD509}.Release|x64.Build.0 = Release|x64
		{1AB6876E-23A1-41E2-82CC-F8D5461BD509}.Release|x86.ActiveCfg = Release|Win32
		{1AB6876E-23A1-41E2-82CC-F8D5461BD509}.Release|x86.Build.0 = Release|Win32
		{432D90B1-C2DE-48CD-9F63-72ADFBE9B7C8}.Debug|x64.ActiveCfg = Debug|x64
		{432D90B1-C2DE-48CD-9F63-72ADFBE9B7C8}.Debug|x64.Build.0 = Debug|x64
		{432D90B1-C2DE-48CD-9F63-72ADFBE9B7C8}.Debug|x86.ActiveCfg = Debug|Win32
		{432D90B1-C2DE-48CD-9F63-72ADFBE9B7C8}.Debug|x86.Build.0 = Debug|Win32
		{432D90B1-C2DE-48CD-9F63-72ADFBE9B7C8}.Release|x64.ActiveCfg = Release|x64
		{432D90B1-C2DE-48CD-9F63-72ADFBE9B7C8}.Release|x64.Build.0 = Release|x64
		{432D90B1-C2DE-48CD-9F63-72ADFBE9B7C8}.Release|x86.ActiveCfg = Release|Win32
		{432D90B1-C2DE-48CD-9F63-72ADFBE9B7C8}.Release|x86.Build.0 = Release|Win32
	EndGlobalSection
	GlobalSection(SolutionProperties) = preSolution
		HideSolutionNode = FALSE
	EndGlobalSection
	GlobalSection(ExtensibilityGlobals) = postSolution
		SolutionGuid = {449CA701-D2F7-4E9C-8246-F16833445C2D}
	EndGlobalSection
EndGlobal
