
Microsoft Visual Studio Solution File, Format Version 12.00
# Visual Studio Version 16
VisualStudioVersion = 16.0.29926.136
MinimumVisualStudioVersion = 10.0.40219.1
Project("{8BC9CEB8-8B4A-11D0-8D11-00A0C91BC942}") = "LAB9_a", "LAB9_a\LAB9_a.vcxproj", "{9FA2C777-47B9-43DB-AAC0-38D707BC93AF}"
EndProject
Project("{8BC9CEB8-8B4A-11D0-8D11-00A0C91BC942}") = "LAB9_b", "LAB9_b\LAB9_b.vcxproj", "{68240CE1-C4A5-4EF3-863C-80EEEB34A6ED}"
EndProject
Project("{8BC9CEB8-8B4A-11D0-8D11-00A0C91BC942}") = "LAB9_1", "LAB9_1\LAB9_1.vcxproj", "{D66597E3-0F42-44A3-B6AF-9D3A999308AF}"
EndProject
Project("{8BC9CEB8-8B4A-11D0-8D11-00A0C91BC942}") = "LAB9_2", "LAB9_2\LAB9_2.vcxproj", "{ADE04417-17A3-4128-875A-2EFE88A8A3BF}"
EndProject
Project("{8BC9CEB8-8B4A-11D0-8D11-00A0C91BC942}") = "LAB9_3_1", "LAB9_3_1\LAB9_3_1.vcxproj", "{D8DEDFA4-C94F-4ED6-897E-EABAD68202FE}"
EndProject
Project("{8BC9CEB8-8B4A-11D0-8D11-00A0C91BC942}") = "LAB9_3_2", "LAB9_3_2\LAB9_3_2.vcxproj", "{1D2C5A9B-5DA2-40D2-93EA-CFC0C44BAA73}"
EndProject
Project("{8BC9CEB8-8B4A-11D0-8D11-00A0C91BC942}") = "LAB9_4_0", "LAB9_4_0\LAB9_4_0.vcxproj", "{E184B4EA-EFD4-431E-9B1B-F0769D7C5C9B}"
EndProject
Project("{8BC9CEB8-8B4A-11D0-8D11-00A0C91BC942}") = "LAB9_4_a", "LAB9_4_a\LAB9_4_a.vcxproj", "{7914601F-F6A3-421D-9839-7019293D05B6}"
EndProject
Project("{8BC9CEB8-8B4A-11D0-8D11-00A0C91BC942}") = "LAB9_4_b", "LAB9_4_b\LAB9_4_b.vcxproj", "{B9A0F5C8-4DB9-4DF4-8256-67345B9D174D}"
EndProject
Project("{8BC9CEB8-8B4A-11D0-8D11-00A0C91BC942}") = "HW9_1", "HW9_1\HW9_1.vcxproj", "{B4B33261-1A39-4B41-876A-71AF28725557}"
EndProject
Project("{8BC9CEB8-8B4A-11D0-8D11-00A0C91BC942}") = "HW9_5", "HW9_5\HW9_5.vcxproj", "{7C7D39C2-2157-4BB6-B316-C4EB67BEDD81}"
EndProject
Project("{8BC9CEB8-8B4A-11D0-8D11-00A0C91BC942}") = "MID3", "MID3\MID3.vcxproj", "{B7DBDBE1-7F1E-431D-88D5-5DA01C3EF7B5}"
EndProject
Project("{8BC9CEB8-8B4A-11D0-8D11-00A0C91BC942}") = "HW9_2_1", "HW9_2_1\HW9_2_1.vcxproj", "{F19D576C-09BF-44B1-A4B6-037A174BA2BC}"
EndProject
Project("{8BC9CEB8-8B4A-11D0-8D11-00A0C91BC942}") = "HW9_2_2", "HW9_2_2\HW9_2_2.vcxproj", "{EE846959-6143-4D2F-9507-FF27D6BA5BF7}"
EndProject
Project("{8BC9CEB8-8B4A-11D0-8D11-00A0C91BC942}") = "HW9_3", "HW9_3\HW9_3.vcxproj", "{274A98DF-6942-45D6-B72D-F70841B941A3}"
EndProject
Project("{8BC9CEB8-8B4A-11D0-8D11-00A0C91BC942}") = "HW9_4", "HW9_4\HW9_4.vcxproj", "{97486326-87AD-4BF2-AB5E-D4F1BAA9345E}"
EndProject
Project("{8BC9CEB8-8B4A-11D0-8D11-00A0C91BC942}") = "HW9_다", "HW9_다\HW9_다.vcxproj", "{489EB48A-6544-4DF7-9FFA-C25AC5563AFE}"
EndProject
Global
	GlobalSection(SolutionConfigurationPlatforms) = preSolution
		Debug|x64 = Debug|x64
		Debug|x86 = Debug|x86
		Release|x64 = Release|x64
		Release|x86 = Release|x86
	EndGlobalSection
	GlobalSection(ProjectConfigurationPlatforms) = postSolution
		{9FA2C777-47B9-43DB-AAC0-38D707BC93AF}.Debug|x64.ActiveCfg = Debug|x64
		{9FA2C777-47B9-43DB-AAC0-38D707BC93AF}.Debug|x64.Build.0 = Debug|x64
		{9FA2C777-47B9-43DB-AAC0-38D707BC93AF}.Debug|x86.ActiveCfg = Debug|Win32
		{9FA2C777-47B9-43DB-AAC0-38D707BC93AF}.Debug|x86.Build.0 = Debug|Win32
		{9FA2C777-47B9-43DB-AAC0-38D707BC93AF}.Release|x64.ActiveCfg = Release|x64
		{9FA2C777-47B9-43DB-AAC0-38D707BC93AF}.Release|x64.Build.0 = Release|x64
		{9FA2C777-47B9-43DB-AAC0-38D707BC93AF}.Release|x86.ActiveCfg = Release|Win32
		{9FA2C777-47B9-43DB-AAC0-38D707BC93AF}.Release|x86.Build.0 = Release|Win32
		{68240CE1-C4A5-4EF3-863C-80EEEB34A6ED}.Debug|x64.ActiveCfg = Debug|x64
		{68240CE1-C4A5-4EF3-863C-80EEEB34A6ED}.Debug|x64.Build.0 = Debug|x64
		{68240CE1-C4A5-4EF3-863C-80EEEB34A6ED}.Debug|x86.ActiveCfg = Debug|Win32
		{68240CE1-C4A5-4EF3-863C-80EEEB34A6ED}.Debug|x86.Build.0 = Debug|Win32
		{68240CE1-C4A5-4EF3-863C-80EEEB34A6ED}.Release|x64.ActiveCfg = Release|x64
		{68240CE1-C4A5-4EF3-863C-80EEEB34A6ED}.Release|x64.Build.0 = Release|x64
		{68240CE1-C4A5-4EF3-863C-80EEEB34A6ED}.Release|x86.ActiveCfg = Release|Win32
		{68240CE1-C4A5-4EF3-863C-80EEEB34A6ED}.Release|x86.Build.0 = Release|Win32
		{D66597E3-0F42-44A3-B6AF-9D3A999308AF}.Debug|x64.ActiveCfg = Debug|x64
		{D66597E3-0F42-44A3-B6AF-9D3A999308AF}.Debug|x64.Build.0 = Debug|x64
		{D66597E3-0F42-44A3-B6AF-9D3A999308AF}.Debug|x86.ActiveCfg = Debug|Win32
		{D66597E3-0F42-44A3-B6AF-9D3A999308AF}.Debug|x86.Build.0 = Debug|Win32
		{D66597E3-0F42-44A3-B6AF-9D3A999308AF}.Release|x64.ActiveCfg = Release|x64
		{D66597E3-0F42-44A3-B6AF-9D3A999308AF}.Release|x64.Build.0 = Release|x64
		{D66597E3-0F42-44A3-B6AF-9D3A999308AF}.Release|x86.ActiveCfg = Release|Win32
		{D66597E3-0F42-44A3-B6AF-9D3A999308AF}.Release|x86.Build.0 = Release|Win32
		{ADE04417-17A3-4128-875A-2EFE88A8A3BF}.Debug|x64.ActiveCfg = Debug|x64
		{ADE04417-17A3-4128-875A-2EFE88A8A3BF}.Debug|x64.Build.0 = Debug|x64
		{ADE04417-17A3-4128-875A-2EFE88A8A3BF}.Debug|x86.ActiveCfg = Debug|Win32
		{ADE04417-17A3-4128-875A-2EFE88A8A3BF}.Debug|x86.Build.0 = Debug|Win32
		{ADE04417-17A3-4128-875A-2EFE88A8A3BF}.Release|x64.ActiveCfg = Release|x64
		{ADE04417-17A3-4128-875A-2EFE88A8A3BF}.Release|x64.Build.0 = Release|x64
		{ADE04417-17A3-4128-875A-2EFE88A8A3BF}.Release|x86.ActiveCfg = Release|Win32
		{ADE04417-17A3-4128-875A-2EFE88A8A3BF}.Release|x86.Build.0 = Release|Win32
		{D8DEDFA4-C94F-4ED6-897E-EABAD68202FE}.Debug|x64.ActiveCfg = Debug|x64
		{D8DEDFA4-C94F-4ED6-897E-EABAD68202FE}.Debug|x64.Build.0 = Debug|x64
		{D8DEDFA4-C94F-4ED6-897E-EABAD68202FE}.Debug|x86.ActiveCfg = Debug|Win32
		{D8DEDFA4-C94F-4ED6-897E-EABAD68202FE}.Debug|x86.Build.0 = Debug|Win32
		{D8DEDFA4-C94F-4ED6-897E-EABAD68202FE}.Release|x64.ActiveCfg = Release|x64
		{D8DEDFA4-C94F-4ED6-897E-EABAD68202FE}.Release|x64.Build.0 = Release|x64
		{D8DEDFA4-C94F-4ED6-897E-EABAD68202FE}.Release|x86.ActiveCfg = Release|Win32
		{D8DEDFA4-C94F-4ED6-897E-EABAD68202FE}.Release|x86.Build.0 = Release|Win32
		{1D2C5A9B-5DA2-40D2-93EA-CFC0C44BAA73}.Debug|x64.ActiveCfg = Debug|x64
		{1D2C5A9B-5DA2-40D2-93EA-CFC0C44BAA73}.Debug|x64.Build.0 = Debug|x64
		{1D2C5A9B-5DA2-40D2-93EA-CFC0C44BAA73}.Debug|x86.ActiveCfg = Debug|Win32
		{1D2C5A9B-5DA2-40D2-93EA-CFC0C44BAA73}.Debug|x86.Build.0 = Debug|Win32
		{1D2C5A9B-5DA2-40D2-93EA-CFC0C44BAA73}.Release|x64.ActiveCfg = Release|x64
		{1D2C5A9B-5DA2-40D2-93EA-CFC0C44BAA73}.Release|x64.Build.0 = Release|x64
		{1D2C5A9B-5DA2-40D2-93EA-CFC0C44BAA73}.Release|x86.ActiveCfg = Release|Win32
		{1D2C5A9B-5DA2-40D2-93EA-CFC0C44BAA73}.Release|x86.Build.0 = Release|Win32
		{E184B4EA-EFD4-431E-9B1B-F0769D7C5C9B}.Debug|x64.ActiveCfg = Debug|x64
		{E184B4EA-EFD4-431E-9B1B-F0769D7C5C9B}.Debug|x64.Build.0 = Debug|x64
		{E184B4EA-EFD4-431E-9B1B-F0769D7C5C9B}.Debug|x86.ActiveCfg = Debug|Win32
		{E184B4EA-EFD4-431E-9B1B-F0769D7C5C9B}.Debug|x86.Build.0 = Debug|Win32
		{E184B4EA-EFD4-431E-9B1B-F0769D7C5C9B}.Release|x64.ActiveCfg = Release|x64
		{E184B4EA-EFD4-431E-9B1B-F0769D7C5C9B}.Release|x64.Build.0 = Release|x64
		{E184B4EA-EFD4-431E-9B1B-F0769D7C5C9B}.Release|x86.ActiveCfg = Release|Win32
		{E184B4EA-EFD4-431E-9B1B-F0769D7C5C9B}.Release|x86.Build.0 = Release|Win32
		{7914601F-F6A3-421D-9839-7019293D05B6}.Debug|x64.ActiveCfg = Debug|x64
		{7914601F-F6A3-421D-9839-7019293D05B6}.Debug|x64.Build.0 = Debug|x64
		{7914601F-F6A3-421D-9839-7019293D05B6}.Debug|x86.ActiveCfg = Debug|Win32
		{7914601F-F6A3-421D-9839-7019293D05B6}.Debug|x86.Build.0 = Debug|Win32
		{7914601F-F6A3-421D-9839-7019293D05B6}.Release|x64.ActiveCfg = Release|x64
		{7914601F-F6A3-421D-9839-7019293D05B6}.Release|x64.Build.0 = Release|x64
		{7914601F-F6A3-421D-9839-7019293D05B6}.Release|x86.ActiveCfg = Release|Win32
		{7914601F-F6A3-421D-9839-7019293D05B6}.Release|x86.Build.0 = Release|Win32
		{B9A0F5C8-4DB9-4DF4-8256-67345B9D174D}.Debug|x64.ActiveCfg = Debug|x64
		{B9A0F5C8-4DB9-4DF4-8256-67345B9D174D}.Debug|x64.Build.0 = Debug|x64
		{B9A0F5C8-4DB9-4DF4-8256-67345B9D174D}.Debug|x86.ActiveCfg = Debug|Win32
		{B9A0F5C8-4DB9-4DF4-8256-67345B9D174D}.Debug|x86.Build.0 = Debug|Win32
		{B9A0F5C8-4DB9-4DF4-8256-67345B9D174D}.Release|x64.ActiveCfg = Release|x64
		{B9A0F5C8-4DB9-4DF4-8256-67345B9D174D}.Release|x64.Build.0 = Release|x64
		{B9A0F5C8-4DB9-4DF4-8256-67345B9D174D}.Release|x86.ActiveCfg = Release|Win32
		{B9A0F5C8-4DB9-4DF4-8256-67345B9D174D}.Release|x86.Build.0 = Release|Win32
		{B4B33261-1A39-4B41-876A-71AF28725557}.Debug|x64.ActiveCfg = Debug|x64
		{B4B33261-1A39-4B41-876A-71AF28725557}.Debug|x64.Build.0 = Debug|x64
		{B4B33261-1A39-4B41-876A-71AF28725557}.Debug|x86.ActiveCfg = Debug|Win32
		{B4B33261-1A39-4B41-876A-71AF28725557}.Debug|x86.Build.0 = Debug|Win32
		{B4B33261-1A39-4B41-876A-71AF28725557}.Release|x64.ActiveCfg = Release|x64
		{B4B33261-1A39-4B41-876A-71AF28725557}.Release|x64.Build.0 = Release|x64
		{B4B33261-1A39-4B41-876A-71AF28725557}.Release|x86.ActiveCfg = Release|Win32
		{B4B33261-1A39-4B41-876A-71AF28725557}.Release|x86.Build.0 = Release|Win32
		{7C7D39C2-2157-4BB6-B316-C4EB67BEDD81}.Debug|x64.ActiveCfg = Debug|x64
		{7C7D39C2-2157-4BB6-B316-C4EB67BEDD81}.Debug|x64.Build.0 = Debug|x64
		{7C7D39C2-2157-4BB6-B316-C4EB67BEDD81}.Debug|x86.ActiveCfg = Debug|Win32
		{7C7D39C2-2157-4BB6-B316-C4EB67BEDD81}.Debug|x86.Build.0 = Debug|Win32
		{7C7D39C2-2157-4BB6-B316-C4EB67BEDD81}.Release|x64.ActiveCfg = Release|x64
		{7C7D39C2-2157-4BB6-B316-C4EB67BEDD81}.Release|x64.Build.0 = Release|x64
		{7C7D39C2-2157-4BB6-B316-C4EB67BEDD81}.Release|x86.ActiveCfg = Release|Win32
		{7C7D39C2-2157-4BB6-B316-C4EB67BEDD81}.Release|x86.Build.0 = Release|Win32
		{B7DBDBE1-7F1E-431D-88D5-5DA01C3EF7B5}.Debug|x64.ActiveCfg = Debug|x64
		{B7DBDBE1-7F1E-431D-88D5-5DA01C3EF7B5}.Debug|x64.Build.0 = Debug|x64
		{B7DBDBE1-7F1E-431D-88D5-5DA01C3EF7B5}.Debug|x86.ActiveCfg = Debug|Win32
		{B7DBDBE1-7F1E-431D-88D5-5DA01C3EF7B5}.Debug|x86.Build.0 = Debug|Win32
		{B7DBDBE1-7F1E-431D-88D5-5DA01C3EF7B5}.Release|x64.ActiveCfg = Release|x64
		{B7DBDBE1-7F1E-431D-88D5-5DA01C3EF7B5}.Release|x64.Build.0 = Release|x64
		{B7DBDBE1-7F1E-431D-88D5-5DA01C3EF7B5}.Release|x86.ActiveCfg = Release|Win32
		{B7DBDBE1-7F1E-431D-88D5-5DA01C3EF7B5}.Release|x86.Build.0 = Release|Win32
		{F19D576C-09BF-44B1-A4B6-037A174BA2BC}.Debug|x64.ActiveCfg = Debug|x64
		{F19D576C-09BF-44B1-A4B6-037A174BA2BC}.Debug|x64.Build.0 = Debug|x64
		{F19D576C-09BF-44B1-A4B6-037A174BA2BC}.Debug|x86.ActiveCfg = Debug|Win32
		{F19D576C-09BF-44B1-A4B6-037A174BA2BC}.Debug|x86.Build.0 = Debug|Win32
		{F19D576C-09BF-44B1-A4B6-037A174BA2BC}.Release|x64.ActiveCfg = Release|x64
		{F19D576C-09BF-44B1-A4B6-037A174BA2BC}.Release|x64.Build.0 = Release|x64
		{F19D576C-09BF-44B1-A4B6-037A174BA2BC}.Release|x86.ActiveCfg = Release|Win32
		{F19D576C-09BF-44B1-A4B6-037A174BA2BC}.Release|x86.Build.0 = Release|Win32
		{EE846959-6143-4D2F-9507-FF27D6BA5BF7}.Debug|x64.ActiveCfg = Debug|x64
		{EE846959-6143-4D2F-9507-FF27D6BA5BF7}.Debug|x64.Build.0 = Debug|x64
		{EE846959-6143-4D2F-9507-FF27D6BA5BF7}.Debug|x86.ActiveCfg = Debug|Win32
		{EE846959-6143-4D2F-9507-FF27D6BA5BF7}.Debug|x86.Build.0 = Debug|Win32
		{EE846959-6143-4D2F-9507-FF27D6BA5BF7}.Release|x64.ActiveCfg = Release|x64
		{EE846959-6143-4D2F-9507-FF27D6BA5BF7}.Release|x64.Build.0 = Release|x64
		{EE846959-6143-4D2F-9507-FF27D6BA5BF7}.Release|x86.ActiveCfg = Release|Win32
		{EE846959-6143-4D2F-9507-FF27D6BA5BF7}.Release|x86.Build.0 = Release|Win32
		{274A98DF-6942-45D6-B72D-F70841B941A3}.Debug|x64.ActiveCfg = Debug|x64
		{274A98DF-6942-45D6-B72D-F70841B941A3}.Debug|x64.Build.0 = Debug|x64
		{274A98DF-6942-45D6-B72D-F70841B941A3}.Debug|x86.ActiveCfg = Debug|Win32
		{274A98DF-6942-45D6-B72D-F70841B941A3}.Debug|x86.Build.0 = Debug|Win32
		{274A98DF-6942-45D6-B72D-F70841B941A3}.Release|x64.ActiveCfg = Release|x64
		{274A98DF-6942-45D6-B72D-F70841B941A3}.Release|x64.Build.0 = Release|x64
		{274A98DF-6942-45D6-B72D-F70841B941A3}.Release|x86.ActiveCfg = Release|Win32
		{274A98DF-6942-45D6-B72D-F70841B941A3}.Release|x86.Build.0 = Release|Win32
		{97486326-87AD-4BF2-AB5E-D4F1BAA9345E}.Debug|x64.ActiveCfg = Debug|x64
		{97486326-87AD-4BF2-AB5E-D4F1BAA9345E}.Debug|x64.Build.0 = Debug|x64
		{97486326-87AD-4BF2-AB5E-D4F1BAA9345E}.Debug|x86.ActiveCfg = Debug|Win32
		{97486326-87AD-4BF2-AB5E-D4F1BAA9345E}.Debug|x86.Build.0 = Debug|Win32
		{97486326-87AD-4BF2-AB5E-D4F1BAA9345E}.Release|x64.ActiveCfg = Release|x64
		{97486326-87AD-4BF2-AB5E-D4F1BAA9345E}.Release|x64.Build.0 = Release|x64
		{97486326-87AD-4BF2-AB5E-D4F1BAA9345E}.Release|x86.ActiveCfg = Release|Win32
		{97486326-87AD-4BF2-AB5E-D4F1BAA9345E}.Release|x86.Build.0 = Release|Win32
		{489EB48A-6544-4DF7-9FFA-C25AC5563AFE}.Debug|x64.ActiveCfg = Debug|x64
		{489EB48A-6544-4DF7-9FFA-C25AC5563AFE}.Debug|x64.Build.0 = Debug|x64
		{489EB48A-6544-4DF7-9FFA-C25AC5563AFE}.Debug|x86.ActiveCfg = Debug|Win32
		{489EB48A-6544-4DF7-9FFA-C25AC5563AFE}.Debug|x86.Build.0 = Debug|Win32
		{489EB48A-6544-4DF7-9FFA-C25AC5563AFE}.Release|x64.ActiveCfg = Release|x64
		{489EB48A-6544-4DF7-9FFA-C25AC5563AFE}.Release|x64.Build.0 = Release|x64
		{489EB48A-6544-4DF7-9FFA-C25AC5563AFE}.Release|x86.ActiveCfg = Release|Win32
		{489EB48A-6544-4DF7-9FFA-C25AC5563AFE}.Release|x86.Build.0 = Release|Win32
	EndGlobalSection
	GlobalSection(SolutionProperties) = preSolution
		HideSolutionNode = FALSE
	EndGlobalSection
	GlobalSection(ExtensibilityGlobals) = postSolution
		SolutionGuid = {EAE2FD83-77F4-47E8-97A7-137790EF649B}
	EndGlobalSection
EndGlobal
