
Microsoft Visual Studio Solution File, Format Version 12.00
# Visual Studio Version 16
VisualStudioVersion = 16.0.29926.136
MinimumVisualStudioVersion = 10.0.40219.1
Project("{8BC9CEB8-8B4A-11D0-8D11-00A0C91BC942}") = "LAB7_2", "LAB7_2\LAB7_2.vcxproj", "{2FB4CDB9-F124-4B6B-B0B4-836F54D74642}"
EndProject
Project("{8BC9CEB8-8B4A-11D0-8D11-00A0C91BC942}") = "LAB7_1", "LAB7_1\LAB7_1.vcxproj", "{C7F3EED2-EE56-4100-AF66-D835697D233C}"
EndProject
Project("{8BC9CEB8-8B4A-11D0-8D11-00A0C91BC942}") = "LAB7_3", "LAB7_3\LAB7_3.vcxproj", "{6D714135-B9FD-4C2E-913B-AAF70B0BBD4F}"
EndProject
Project("{8BC9CEB8-8B4A-11D0-8D11-00A0C91BC942}") = "LAB7_4", "LAB7_4\LAB7_4.vcxproj", "{1984D2BC-79BE-4D41-A0C8-4D9C00EAD753}"
EndProject
Project("{8BC9CEB8-8B4A-11D0-8D11-00A0C91BC942}") = "LAB7_5", "LAB7_5\LAB7_5.vcxproj", "{175420B3-9740-40C8-B22C-1506C9B0F999}"
EndProject
Project("{8BC9CEB8-8B4A-11D0-8D11-00A0C91BC942}") = "HW7_1", "HW7_1\HW7_1.vcxproj", "{64802FC4-A88F-49FD-B7A2-55424FE61C11}"
EndProject
Project("{8BC9CEB8-8B4A-11D0-8D11-00A0C91BC942}") = "HW7_2", "HW7_2\HW7_2.vcxproj", "{A9F76E4D-BB71-4687-B3A6-54E74C11E897}"
EndProject
Project("{8BC9CEB8-8B4A-11D0-8D11-00A0C91BC942}") = "HW7_3", "HW7_3\HW7_3.vcxproj", "{F5FC9A21-7E33-4EAB-8727-89F9162469FF}"
EndProject
Project("{8BC9CEB8-8B4A-11D0-8D11-00A0C91BC942}") = "HW7_4", "HW7_4\HW7_4.vcxproj", "{8A74709C-F82D-434A-B98C-C2C21FEA6063}"
EndProject
Project("{8BC9CEB8-8B4A-11D0-8D11-00A0C91BC942}") = "LAB7_6", "LAB7_6\LAB7_6.vcxproj", "{475217D2-6EF0-4426-B098-D735CC498C98}"
EndProject
Project("{8BC9CEB8-8B4A-11D0-8D11-00A0C91BC942}") = "HW7_5", "HW7_5\HW7_5.vcxproj", "{B992AE08-35C7-4837-A016-5FC0EA39BB6E}"
EndProject
Global
	GlobalSection(SolutionConfigurationPlatforms) = preSolution
		Debug|x64 = Debug|x64
		Debug|x86 = Debug|x86
		Release|x64 = Release|x64
		Release|x86 = Release|x86
	EndGlobalSection
	GlobalSection(ProjectConfigurationPlatforms) = postSolution
		{2FB4CDB9-F124-4B6B-B0B4-836F54D74642}.Debug|x64.ActiveCfg = Debug|x64
		{2FB4CDB9-F124-4B6B-B0B4-836F54D74642}.Debug|x64.Build.0 = Debug|x64
		{2FB4CDB9-F124-4B6B-B0B4-836F54D74642}.Debug|x86.ActiveCfg = Debug|Win32
		{2FB4CDB9-F124-4B6B-B0B4-836F54D74642}.Debug|x86.Build.0 = Debug|Win32
		{2FB4CDB9-F124-4B6B-B0B4-836F54D74642}.Release|x64.ActiveCfg = Release|x64
		{2FB4CDB9-F124-4B6B-B0B4-836F54D74642}.Release|x64.Build.0 = Release|x64
		{2FB4CDB9-F124-4B6B-B0B4-836F54D74642}.Release|x86.ActiveCfg = Release|Win32
		{2FB4CDB9-F124-4B6B-B0B4-836F54D74642}.Release|x86.Build.0 = Release|Win32
		{C7F3EED2-EE56-4100-AF66-D835697D233C}.Debug|x64.ActiveCfg = Debug|x64
		{C7F3EED2-EE56-4100-AF66-D835697D233C}.Debug|x64.Build.0 = Debug|x64
		{C7F3EED2-EE56-4100-AF66-D835697D233C}.Debug|x86.ActiveCfg = Debug|Win32
		{C7F3EED2-EE56-4100-AF66-D835697D233C}.Debug|x86.Build.0 = Debug|Win32
		{C7F3EED2-EE56-4100-AF66-D835697D233C}.Release|x64.ActiveCfg = Release|x64
		{C7F3EED2-EE56-4100-AF66-D835697D233C}.Release|x64.Build.0 = Release|x64
		{C7F3EED2-EE56-4100-AF66-D835697D233C}.Release|x86.ActiveCfg = Release|Win32
		{C7F3EED2-EE56-4100-AF66-D835697D233C}.Release|x86.Build.0 = Release|Win32
		{6D714135-B9FD-4C2E-913B-AAF70B0BBD4F}.Debug|x64.ActiveCfg = Debug|x64
		{6D714135-B9FD-4C2E-913B-AAF70B0BBD4F}.Debug|x64.Build.0 = Debug|x64
		{6D714135-B9FD-4C2E-913B-AAF70B0BBD4F}.Debug|x86.ActiveCfg = Debug|Win32
		{6D714135-B9FD-4C2E-913B-AAF70B0BBD4F}.Debug|x86.Build.0 = Debug|Win32
		{6D714135-B9FD-4C2E-913B-AAF70B0BBD4F}.Release|x64.ActiveCfg = Release|x64
		{6D714135-B9FD-4C2E-913B-AAF70B0BBD4F}.Release|x64.Build.0 = Release|x64
		{6D714135-B9FD-4C2E-913B-AAF70B0BBD4F}.Release|x86.ActiveCfg = Release|Win32
		{6D714135-B9FD-4C2E-913B-AAF70B0BBD4F}.Release|x86.Build.0 = Release|Win32
		{1984D2BC-79BE-4D41-A0C8-4D9C00EAD753}.Debug|x64.ActiveCfg = Debug|x64
		{1984D2BC-79BE-4D41-A0C8-4D9C00EAD753}.Debug|x64.Build.0 = Debug|x64
		{1984D2BC-79BE-4D41-A0C8-4D9C00EAD753}.Debug|x86.ActiveCfg = Debug|Win32
		{1984D2BC-79BE-4D41-A0C8-4D9C00EAD753}.Debug|x86.Build.0 = Debug|Win32
		{1984D2BC-79BE-4D41-A0C8-4D9C00EAD753}.Release|x64.ActiveCfg = Release|x64
		{1984D2BC-79BE-4D41-A0C8-4D9C00EAD753}.Release|x64.Build.0 = Release|x64
		{1984D2BC-79BE-4D41-A0C8-4D9C00EAD753}.Release|x86.ActiveCfg = Release|Win32
		{1984D2BC-79BE-4D41-A0C8-4D9C00EAD753}.Release|x86.Build.0 = Release|Win32
		{175420B3-9740-40C8-B22C-1506C9B0F999}.Debug|x64.ActiveCfg = Debug|x64
		{175420B3-9740-40C8-B22C-1506C9B0F999}.Debug|x64.Build.0 = Debug|x64
		{175420B3-9740-40C8-B22C-1506C9B0F999}.Debug|x86.ActiveCfg = Debug|Win32
		{175420B3-9740-40C8-B22C-1506C9B0F999}.Debug|x86.Build.0 = Debug|Win32
		{175420B3-9740-40C8-B22C-1506C9B0F999}.Release|x64.ActiveCfg = Release|x64
		{175420B3-9740-40C8-B22C-1506C9B0F999}.Release|x64.Build.0 = Release|x64
		{175420B3-9740-40C8-B22C-1506C9B0F999}.Release|x86.ActiveCfg = Release|Win32
		{175420B3-9740-40C8-B22C-1506C9B0F999}.Release|x86.Build.0 = Release|Win32
		{64802FC4-A88F-49FD-B7A2-55424FE61C11}.Debug|x64.ActiveCfg = Debug|x64
		{64802FC4-A88F-49FD-B7A2-55424FE61C11}.Debug|x64.Build.0 = Debug|x64
		{64802FC4-A88F-49FD-B7A2-55424FE61C11}.Debug|x86.ActiveCfg = Debug|Win32
		{64802FC4-A88F-49FD-B7A2-55424FE61C11}.Debug|x86.Build.0 = Debug|Win32
		{64802FC4-A88F-49FD-B7A2-55424FE61C11}.Release|x64.ActiveCfg = Release|x64
		{64802FC4-A88F-49FD-B7A2-55424FE61C11}.Release|x64.Build.0 = Release|x64
		{64802FC4-A88F-49FD-B7A2-55424FE61C11}.Release|x86.ActiveCfg = Release|Win32
		{64802FC4-A88F-49FD-B7A2-55424FE61C11}.Release|x86.Build.0 = Release|Win32
		{A9F76E4D-BB71-4687-B3A6-54E74C11E897}.Debug|x64.ActiveCfg = Debug|x64
		{A9F76E4D-BB71-4687-B3A6-54E74C11E897}.Debug|x64.Build.0 = Debug|x64
		{A9F76E4D-BB71-4687-B3A6-54E74C11E897}.Debug|x86.ActiveCfg = Debug|Win32
		{A9F76E4D-BB71-4687-B3A6-54E74C11E897}.Debug|x86.Build.0 = Debug|Win32
		{A9F76E4D-BB71-4687-B3A6-54E74C11E897}.Release|x64.ActiveCfg = Release|x64
		{A9F76E4D-BB71-4687-B3A6-54E74C11E897}.Release|x64.Build.0 = Release|x64
		{A9F76E4D-BB71-4687-B3A6-54E74C11E897}.Release|x86.ActiveCfg = Release|Win32
		{A9F76E4D-BB71-4687-B3A6-54E74C11E897}.Release|x86.Build.0 = Release|Win32
		{F5FC9A21-7E33-4EAB-8727-89F9162469FF}.Debug|x64.ActiveCfg = Debug|x64
		{F5FC9A21-7E33-4EAB-8727-89F9162469FF}.Debug|x64.Build.0 = Debug|x64
		{F5FC9A21-7E33-4EAB-8727-89F9162469FF}.Debug|x86.ActiveCfg = Debug|Win32
		{F5FC9A21-7E33-4EAB-8727-89F9162469FF}.Debug|x86.Build.0 = Debug|Win32
		{F5FC9A21-7E33-4EAB-8727-89F9162469FF}.Release|x64.ActiveCfg = Release|x64
		{F5FC9A21-7E33-4EAB-8727-89F9162469FF}.Release|x64.Build.0 = Release|x64
		{F5FC9A21-7E33-4EAB-8727-89F9162469FF}.Release|x86.ActiveCfg = Release|Win32
		{F5FC9A21-7E33-4EAB-8727-89F9162469FF}.Release|x86.Build.0 = Release|Win32
		{8A74709C-F82D-434A-B98C-C2C21FEA6063}.Debug|x64.ActiveCfg = Debug|x64
		{8A74709C-F82D-434A-B98C-C2C21FEA6063}.Debug|x64.Build.0 = Debug|x64
		{8A74709C-F82D-434A-B98C-C2C21FEA6063}.Debug|x86.ActiveCfg = Debug|Win32
		{8A74709C-F82D-434A-B98C-C2C21FEA6063}.Debug|x86.Build.0 = Debug|Win32
		{8A74709C-F82D-434A-B98C-C2C21FEA6063}.Release|x64.ActiveCfg = Release|x64
		{8A74709C-F82D-434A-B98C-C2C21FEA6063}.Release|x64.Build.0 = Release|x64
		{8A74709C-F82D-434A-B98C-C2C21FEA6063}.Release|x86.ActiveCfg = Release|Win32
		{8A74709C-F82D-434A-B98C-C2C21FEA6063}.Release|x86.Build.0 = Release|Win32
		{475217D2-6EF0-4426-B098-D735CC498C98}.Debug|x64.ActiveCfg = Debug|x64
		{475217D2-6EF0-4426-B098-D735CC498C98}.Debug|x64.Build.0 = Debug|x64
		{475217D2-6EF0-4426-B098-D735CC498C98}.Debug|x86.ActiveCfg = Debug|Win32
		{475217D2-6EF0-4426-B098-D735CC498C98}.Debug|x86.Build.0 = Debug|Win32
		{475217D2-6EF0-4426-B098-D735CC498C98}.Release|x64.ActiveCfg = Release|x64
		{475217D2-6EF0-4426-B098-D735CC498C98}.Release|x64.Build.0 = Release|x64
		{475217D2-6EF0-4426-B098-D735CC498C98}.Release|x86.ActiveCfg = Release|Win32
		{475217D2-6EF0-4426-B098-D735CC498C98}.Release|x86.Build.0 = Release|Win32
		{B992AE08-35C7-4837-A016-5FC0EA39BB6E}.Debug|x64.ActiveCfg = Debug|x64
		{B992AE08-35C7-4837-A016-5FC0EA39BB6E}.Debug|x64.Build.0 = Debug|x64
		{B992AE08-35C7-4837-A016-5FC0EA39BB6E}.Debug|x86.ActiveCfg = Debug|Win32
		{B992AE08-35C7-4837-A016-5FC0EA39BB6E}.Debug|x86.Build.0 = Debug|Win32
		{B992AE08-35C7-4837-A016-5FC0EA39BB6E}.Release|x64.ActiveCfg = Release|x64
		{B992AE08-35C7-4837-A016-5FC0EA39BB6E}.Release|x64.Build.0 = Release|x64
		{B992AE08-35C7-4837-A016-5FC0EA39BB6E}.Release|x86.ActiveCfg = Release|Win32
		{B992AE08-35C7-4837-A016-5FC0EA39BB6E}.Release|x86.Build.0 = Release|Win32
	EndGlobalSection
	GlobalSection(SolutionProperties) = preSolution
		HideSolutionNode = FALSE
	EndGlobalSection
	GlobalSection(ExtensibilityGlobals) = postSolution
		SolutionGuid = {2AA1678F-3C60-4285-B626-C0193BD942C3}
	EndGlobalSection
EndGlobal
