
Microsoft Visual Studio Solution File, Format Version 12.00
# Visual Studio Version 16
VisualStudioVersion = 16.0.29926.136
MinimumVisualStudioVersion = 10.0.40219.1
Project("{8BC9CEB8-8B4A-11D0-8D11-00A0C91BC942}") = "LAB8_3_1", "LAB8_3_1\LAB8_3_1.vcxproj", "{4FFBD726-E833-4424-B85E-F02224DE44AA}"
EndProject
Project("{8BC9CEB8-8B4A-11D0-8D11-00A0C91BC942}") = "LAB8_3_2", "LAB8_3_2\LAB8_3_2.vcxproj", "{EB0843AC-E6EA-4645-B8AD-BEF2A273A09B}"
EndProject
Project("{8BC9CEB8-8B4A-11D0-8D11-00A0C91BC942}") = "HW8_1", "HW8_1\HW8_1.vcxproj", "{D752034C-EF8B-4C4E-953D-08D57D9A5ABD}"
EndProject
Project("{8BC9CEB8-8B4A-11D0-8D11-00A0C91BC942}") = "HW8_2", "HW8_2\HW8_2.vcxproj", "{0096D01D-5D00-4ABD-8165-CFB3D92A962C}"
EndProject
Global
	GlobalSection(SolutionConfigurationPlatforms) = preSolution
		Debug|x64 = Debug|x64
		Debug|x86 = Debug|x86
		Release|x64 = Release|x64
		Release|x86 = Release|x86
	EndGlobalSection
	GlobalSection(ProjectConfigurationPlatforms) = postSolution
		{4FFBD726-E833-4424-B85E-F02224DE44AA}.Debug|x64.ActiveCfg = Debug|x64
		{4FFBD726-E833-4424-B85E-F02224DE44AA}.Debug|x64.Build.0 = Debug|x64
		{4FFBD726-E833-4424-B85E-F02224DE44AA}.Debug|x86.ActiveCfg = Debug|Win32
		{4FFBD726-E833-4424-B85E-F02224DE44AA}.Debug|x86.Build.0 = Debug|Win32
		{4FFBD726-E833-4424-B85E-F02224DE44AA}.Release|x64.ActiveCfg = Release|x64
		{4FFBD726-E833-4424-B85E-F02224DE44AA}.Release|x64.Build.0 = Release|x64
		{4FFBD726-E833-4424-B85E-F02224DE44AA}.Release|x86.ActiveCfg = Release|Win32
		{4FFBD726-E833-4424-B85E-F02224DE44AA}.Release|x86.Build.0 = Release|Win32
		{EB0843AC-E6EA-4645-B8AD-BEF2A273A09B}.Debug|x64.ActiveCfg = Debug|x64
		{EB0843AC-E6EA-4645-B8AD-BEF2A273A09B}.Debug|x64.Build.0 = Debug|x64
		{EB0843AC-E6EA-4645-B8AD-BEF2A273A09B}.Debug|x86.ActiveCfg = Debug|Win32
		{EB0843AC-E6EA-4645-B8AD-BEF2A273A09B}.Debug|x86.Build.0 = Debug|Win32
		{EB0843AC-E6EA-4645-B8AD-BEF2A273A09B}.Release|x64.ActiveCfg = Release|x64
		{EB0843AC-E6EA-4645-B8AD-BEF2A273A09B}.Release|x64.Build.0 = Release|x64
		{EB0843AC-E6EA-4645-B8AD-BEF2A273A09B}.Release|x86.ActiveCfg = Release|Win32
		{EB0843AC-E6EA-4645-B8AD-BEF2A273A09B}.Release|x86.Build.0 = Release|Win32
		{D752034C-EF8B-4C4E-953D-08D57D9A5ABD}.Debug|x64.ActiveCfg = Debug|x64
		{D752034C-EF8B-4C4E-953D-08D57D9A5ABD}.Debug|x64.Build.0 = Debug|x64
		{D752034C-EF8B-4C4E-953D-08D57D9A5ABD}.Debug|x86.ActiveCfg = Debug|Win32
		{D752034C-EF8B-4C4E-953D-08D57D9A5ABD}.Debug|x86.Build.0 = Debug|Win32
		{D752034C-EF8B-4C4E-953D-08D57D9A5ABD}.Release|x64.ActiveCfg = Release|x64
		{D752034C-EF8B-4C4E-953D-08D57D9A5ABD}.Release|x64.Build.0 = Release|x64
		{D752034C-EF8B-4C4E-953D-08D57D9A5ABD}.Release|x86.ActiveCfg = Release|Win32
		{D752034C-EF8B-4C4E-953D-08D57D9A5ABD}.Release|x86.Build.0 = Release|Win32
		{0096D01D-5D00-4ABD-8165-CFB3D92A962C}.Debug|x64.ActiveCfg = Debug|x64
		{0096D01D-5D00-4ABD-8165-CFB3D92A962C}.Debug|x64.Build.0 = Debug|x64
		{0096D01D-5D00-4ABD-8165-CFB3D92A962C}.Debug|x86.ActiveCfg = Debug|Win32
		{0096D01D-5D00-4ABD-8165-CFB3D92A962C}.Debug|x86.Build.0 = Debug|Win32
		{0096D01D-5D00-4ABD-8165-CFB3D92A962C}.Release|x64.ActiveCfg = Release|x64
		{0096D01D-5D00-4ABD-8165-CFB3D92A962C}.Release|x64.Build.0 = Release|x64
		{0096D01D-5D00-4ABD-8165-CFB3D92A962C}.Release|x86.ActiveCfg = Release|Win32
		{0096D01D-5D00-4ABD-8165-CFB3D92A962C}.Release|x86.Build.0 = Release|Win32
	EndGlobalSection
	GlobalSection(SolutionProperties) = preSolution
		HideSolutionNode = FALSE
	EndGlobalSection
	GlobalSection(ExtensibilityGlobals) = postSolution
		SolutionGuid = {D6786FE3-5B1D-4818-8434-307A52E4477F}
	EndGlobalSection
EndGlobal
