
Microsoft Visual Studio Solution File, Format Version 12.00
# Visual Studio Version 16
VisualStudioVersion = 16.0.29926.136
MinimumVisualStudioVersion = 10.0.40219.1
Project("{8BC9CEB8-8B4A-11D0-8D11-00A0C91BC942}") = "LAB13B_0", "LAB13B_0\LAB13B_0.vcxproj", "{5D558B63-E3C6-4F98-952B-4C75D2B76B79}"
EndProject
Project("{8BC9CEB8-8B4A-11D0-8D11-00A0C91BC942}") = "LAB13B_a", "LAB13B_a\LAB13B_a.vcxproj", "{1C7983AE-2BC5-459F-915E-288FF9B6C149}"
EndProject
Project("{8BC9CEB8-8B4A-11D0-8D11-00A0C91BC942}") = "LAB13B_1_1", "LAB13B_1_1\LAB13B_1_1.vcxproj", "{D58A190D-8D81-44C9-A7FC-F1AB6CEB517F}"
EndProject
Project("{8BC9CEB8-8B4A-11D0-8D11-00A0C91BC942}") = "LAB13B_1_2", "LAB13B_1_2\LAB13B_1_2.vcxproj", "{5A9F8B5E-B283-4781-983B-5A09DFFAF2E2}"
EndProject
Project("{8BC9CEB8-8B4A-11D0-8D11-00A0C91BC942}") = "LAB13B_2_1", "LAB13B_2_1\LAB13B_2_1.vcxproj", "{946CDB49-1F6A-415A-99AB-9AC0BD6547B3}"
EndProject
Project("{8BC9CEB8-8B4A-11D0-8D11-00A0C91BC942}") = "LAB13B_2_2", "LAB13B_2_2\LAB13B_2_2.vcxproj", "{102A725D-E449-4F9E-AC1F-816D335616F1}"
EndProject
Project("{8BC9CEB8-8B4A-11D0-8D11-00A0C91BC942}") = "HW13B_1", "HW13B_1\HW13B_1.vcxproj", "{ACE3D749-036D-40F2-8D5C-D23D6AE42325}"
EndProject
Project("{8BC9CEB8-8B4A-11D0-8D11-00A0C91BC942}") = "HW13B_2", "HW13B_2\HW13B_2.vcxproj", "{4B3D52A5-9C39-4BF2-8B1E-64929A93DA92}"
EndProject
Project("{8BC9CEB8-8B4A-11D0-8D11-00A0C91BC942}") = "HW13B_3", "HW13B_3\HW13B_3.vcxproj", "{86E6A029-EC8F-483A-B8CC-2FECD99F670C}"
EndProject
Project("{8BC9CEB8-8B4A-11D0-8D11-00A0C91BC942}") = "challenge13a", "challenge13a\challenge13a.vcxproj", "{5C9597F2-A7C2-4EA0-90CA-B8C37ACFD9CB}"
EndProject
Project("{8BC9CEB8-8B4A-11D0-8D11-00A0C91BC942}") = "challenge13b", "challenge13b\challenge13b.vcxproj", "{925502CC-778A-4F20-A85D-223D3395322D}"
EndProject
Project("{8BC9CEB8-8B4A-11D0-8D11-00A0C91BC942}") = "challenge13c", "challenge13c\challenge13c.vcxproj", "{603ED3A2-1F11-4537-BA0B-6E5C6E39F023}"
EndProject
Project("{8BC9CEB8-8B4A-11D0-8D11-00A0C91BC942}") = "LAB13_1", "LAB13_1\LAB13_1.vcxproj", "{E39BA236-A405-4C64-AFFF-31D6B7DF241D}"
EndProject
Project("{8BC9CEB8-8B4A-11D0-8D11-00A0C91BC942}") = "LAB13_2", "LAB13_2\LAB13_2.vcxproj", "{B86FFFD4-078C-474E-8FE2-A4D52CB88E2F}"
EndProject
Project("{8BC9CEB8-8B4A-11D0-8D11-00A0C91BC942}") = "LAB13_3", "LAB13_3\LAB13_3.vcxproj", "{E05B34D3-F189-455C-BA98-C43C247DA474}"
EndProject
Project("{8BC9CEB8-8B4A-11D0-8D11-00A0C91BC942}") = "LAB13_5", "LAB13_5\LAB13_5.vcxproj", "{254A4EFF-AE40-4A4C-84DA-50ADFAB9EA20}"
EndProject
Global
	GlobalSection(SolutionConfigurationPlatforms) = preSolution
		Debug|x64 = Debug|x64
		Debug|x86 = Debug|x86
		Release|x64 = Release|x64
		Release|x86 = Release|x86
	EndGlobalSection
	GlobalSection(ProjectConfigurationPlatforms) = postSolution
		{5D558B63-E3C6-4F98-952B-4C75D2B76B79}.Debug|x64.ActiveCfg = Debug|x64
		{5D558B63-E3C6-4F98-952B-4C75D2B76B79}.Debug|x64.Build.0 = Debug|x64
		{5D558B63-E3C6-4F98-952B-4C75D2B76B79}.Debug|x86.ActiveCfg = Debug|Win32
		{5D558B63-E3C6-4F98-952B-4C75D2B76B79}.Debug|x86.Build.0 = Debug|Win32
		{5D558B63-E3C6-4F98-952B-4C75D2B76B79}.Release|x64.ActiveCfg = Release|x64
		{5D558B63-E3C6-4F98-952B-4C75D2B76B79}.Release|x64.Build.0 = Release|x64
		{5D558B63-E3C6-4F98-952B-4C75D2B76B79}.Release|x86.ActiveCfg = Release|Win32
		{5D558B63-E3C6-4F98-952B-4C75D2B76B79}.Release|x86.Build.0 = Release|Win32
		{1C7983AE-2BC5-459F-915E-288FF9B6C149}.Debug|x64.ActiveCfg = Debug|x64
		{1C7983AE-2BC5-459F-915E-288FF9B6C149}.Debug|x64.Build.0 = Debug|x64
		{1C7983AE-2BC5-459F-915E-288FF9B6C149}.Debug|x86.ActiveCfg = Debug|Win32
		{1C7983AE-2BC5-459F-915E-288FF9B6C149}.Debug|x86.Build.0 = Debug|Win32
		{1C7983AE-2BC5-459F-915E-288FF9B6C149}.Release|x64.ActiveCfg = Release|x64
		{1C7983AE-2BC5-459F-915E-288FF9B6C149}.Release|x64.Build.0 = Release|x64
		{1C7983AE-2BC5-459F-915E-288FF9B6C149}.Release|x86.ActiveCfg = Release|Win32
		{1C7983AE-2BC5-459F-915E-288FF9B6C149}.Release|x86.Build.0 = Release|Win32
		{D58A190D-8D81-44C9-A7FC-F1AB6CEB517F}.Debug|x64.ActiveCfg = Debug|x64
		{D58A190D-8D81-44C9-A7FC-F1AB6CEB517F}.Debug|x64.Build.0 = Debug|x64
		{D58A190D-8D81-44C9-A7FC-F1AB6CEB517F}.Debug|x86.ActiveCfg = Debug|Win32
		{D58A190D-8D81-44C9-A7FC-F1AB6CEB517F}.Debug|x86.Build.0 = Debug|Win32
		{D58A190D-8D81-44C9-A7FC-F1AB6CEB517F}.Release|x64.ActiveCfg = Release|x64
		{D58A190D-8D81-44C9-A7FC-F1AB6CEB517F}.Release|x64.Build.0 = Release|x64
		{D58A190D-8D81-44C9-A7FC-F1AB6CEB517F}.Release|x86.ActiveCfg = Release|Win32
		{D58A190D-8D81-44C9-A7FC-F1AB6CEB517F}.Release|x86.Build.0 = Release|Win32
		{5A9F8B5E-B283-4781-983B-5A09DFFAF2E2}.Debug|x64.ActiveCfg = Debug|x64
		{5A9F8B5E-B283-4781-983B-5A09DFFAF2E2}.Debug|x64.Build.0 = Debug|x64
		{5A9F8B5E-B283-4781-983B-5A09DFFAF2E2}.Debug|x86.ActiveCfg = Debug|Win32
		{5A9F8B5E-B283-4781-983B-5A09DFFAF2E2}.Debug|x86.Build.0 = Debug|Win32
		{5A9F8B5E-B283-4781-983B-5A09DFFAF2E2}.Release|x64.ActiveCfg = Release|x64
		{5A9F8B5E-B283-4781-983B-5A09DFFAF2E2}.Release|x64.Build.0 = Release|x64
		{5A9F8B5E-B283-4781-983B-5A09DFFAF2E2}.Release|x86.ActiveCfg = Release|Win32
		{5A9F8B5E-B283-4781-983B-5A09DFFAF2E2}.Release|x86.Build.0 = Release|Win32
		{946CDB49-1F6A-415A-99AB-9AC0BD6547B3}.Debug|x64.ActiveCfg = Debug|x64
		{946CDB49-1F6A-415A-99AB-9AC0BD6547B3}.Debug|x64.Build.0 = Debug|x64
		{946CDB49-1F6A-415A-99AB-9AC0BD6547B3}.Debug|x86.ActiveCfg = Debug|Win32
		{946CDB49-1F6A-415A-99AB-9AC0BD6547B3}.Debug|x86.Build.0 = Debug|Win32
		{946CDB49-1F6A-415A-99AB-9AC0BD6547B3}.Release|x64.ActiveCfg = Release|x64
		{946CDB49-1F6A-415A-99AB-9AC0BD6547B3}.Release|x64.Build.0 = Release|x64
		{946CDB49-1F6A-415A-99AB-9AC0BD6547B3}.Release|x86.ActiveCfg = Release|Win32
		{946CDB49-1F6A-415A-99AB-9AC0BD6547B3}.Release|x86.Build.0 = Release|Win32
		{102A725D-E449-4F9E-AC1F-816D335616F1}.Debug|x64.ActiveCfg = Debug|x64
		{102A725D-E449-4F9E-AC1F-816D335616F1}.Debug|x64.Build.0 = Debug|x64
		{102A725D-E449-4F9E-AC1F-816D335616F1}.Debug|x86.ActiveCfg = Debug|Win32
		{102A725D-E449-4F9E-AC1F-816D335616F1}.Debug|x86.Build.0 = Debug|Win32
		{102A725D-E449-4F9E-AC1F-816D335616F1}.Release|x64.ActiveCfg = Release|x64
		{102A725D-E449-4F9E-AC1F-816D335616F1}.Release|x64.Build.0 = Release|x64
		{102A725D-E449-4F9E-AC1F-816D335616F1}.Release|x86.ActiveCfg = Release|Win32
		{102A725D-E449-4F9E-AC1F-816D335616F1}.Release|x86.Build.0 = Release|Win32
		{ACE3D749-036D-40F2-8D5C-D23D6AE42325}.Debug|x64.ActiveCfg = Debug|x64
		{ACE3D749-036D-40F2-8D5C-D23D6AE42325}.Debug|x64.Build.0 = Debug|x64
		{ACE3D749-036D-40F2-8D5C-D23D6AE42325}.Debug|x86.ActiveCfg = Debug|Win32
		{ACE3D749-036D-40F2-8D5C-D23D6AE42325}.Debug|x86.Build.0 = Debug|Win32
		{ACE3D749-036D-40F2-8D5C-D23D6AE42325}.Release|x64.ActiveCfg = Release|x64
		{ACE3D749-036D-40F2-8D5C-D23D6AE42325}.Release|x64.Build.0 = Release|x64
		{ACE3D749-036D-40F2-8D5C-D23D6AE42325}.Release|x86.ActiveCfg = Release|Win32
		{ACE3D749-036D-40F2-8D5C-D23D6AE42325}.Release|x86.Build.0 = Release|Win32
		{4B3D52A5-9C39-4BF2-8B1E-64929A93DA92}.Debug|x64.ActiveCfg = Debug|x64
		{4B3D52A5-9C39-4BF2-8B1E-64929A93DA92}.Debug|x64.Build.0 = Debug|x64
		{4B3D52A5-9C39-4BF2-8B1E-64929A93DA92}.Debug|x86.ActiveCfg = Debug|Win32
		{4B3D52A5-9C39-4BF2-8B1E-64929A93DA92}.Debug|x86.Build.0 = Debug|Win32
		{4B3D52A5-9C39-4BF2-8B1E-64929A93DA92}.Release|x64.ActiveCfg = Release|x64
		{4B3D52A5-9C39-4BF2-8B1E-64929A93DA92}.Release|x64.Build.0 = Release|x64
		{4B3D52A5-9C39-4BF2-8B1E-64929A93DA92}.Release|x86.ActiveCfg = Release|Win32
		{4B3D52A5-9C39-4BF2-8B1E-64929A93DA92}.Release|x86.Build.0 = Release|Win32
		{86E6A029-EC8F-483A-B8CC-2FECD99F670C}.Debug|x64.ActiveCfg = Debug|x64
		{86E6A029-EC8F-483A-B8CC-2FECD99F670C}.Debug|x64.Build.0 = Debug|x64
		{86E6A029-EC8F-483A-B8CC-2FECD99F670C}.Debug|x86.ActiveCfg = Debug|Win32
		{86E6A029-EC8F-483A-B8CC-2FECD99F670C}.Debug|x86.Build.0 = Debug|Win32
		{86E6A029-EC8F-483A-B8CC-2FECD99F670C}.Release|x64.ActiveCfg = Release|x64
		{86E6A029-EC8F-483A-B8CC-2FECD99F670C}.Release|x64.Build.0 = Release|x64
		{86E6A029-EC8F-483A-B8CC-2FECD99F670C}.Release|x86.ActiveCfg = Release|Win32
		{86E6A029-EC8F-483A-B8CC-2FECD99F670C}.Release|x86.Build.0 = Release|Win32
		{5C9597F2-A7C2-4EA0-90CA-B8C37ACFD9CB}.Debug|x64.ActiveCfg = Debug|x64
		{5C9597F2-A7C2-4EA0-90CA-B8C37ACFD9CB}.Debug|x64.Build.0 = Debug|x64
		{5C9597F2-A7C2-4EA0-90CA-B8C37ACFD9CB}.Debug|x86.ActiveCfg = Debug|Win32
		{5C9597F2-A7C2-4EA0-90CA-B8C37ACFD9CB}.Debug|x86.Build.0 = Debug|Win32
		{5C9597F2-A7C2-4EA0-90CA-B8C37ACFD9CB}.Release|x64.ActiveCfg = Release|x64
		{5C9597F2-A7C2-4EA0-90CA-B8C37ACFD9CB}.Release|x64.Build.0 = Release|x64
		{5C9597F2-A7C2-4EA0-90CA-B8C37ACFD9CB}.Release|x86.ActiveCfg = Release|Win32
		{5C9597F2-A7C2-4EA0-90CA-B8C37ACFD9CB}.Release|x86.Build.0 = Release|Win32
		{925502CC-778A-4F20-A85D-223D3395322D}.Debug|x64.ActiveCfg = Debug|x64
		{925502CC-778A-4F20-A85D-223D3395322D}.Debug|x64.Build.0 = Debug|x64
		{925502CC-778A-4F20-A85D-223D3395322D}.Debug|x86.ActiveCfg = Debug|Win32
		{925502CC-778A-4F20-A85D-223D3395322D}.Debug|x86.Build.0 = Debug|Win32
		{925502CC-778A-4F20-A85D-223D3395322D}.Release|x64.ActiveCfg = Release|x64
		{925502CC-778A-4F20-A85D-223D3395322D}.Release|x64.Build.0 = Release|x64
		{925502CC-778A-4F20-A85D-223D3395322D}.Release|x86.ActiveCfg = Release|Win32
		{925502CC-778A-4F20-A85D-223D3395322D}.Release|x86.Build.0 = Release|Win32
		{603ED3A2-1F11-4537-BA0B-6E5C6E39F023}.Debug|x64.ActiveCfg = Debug|x64
		{603ED3A2-1F11-4537-BA0B-6E5C6E39F023}.Debug|x64.Build.0 = Debug|x64
		{603ED3A2-1F11-4537-BA0B-6E5C6E39F023}.Debug|x86.ActiveCfg = Debug|Win32
		{603ED3A2-1F11-4537-BA0B-6E5C6E39F023}.Debug|x86.Build.0 = Debug|Win32
		{603ED3A2-1F11-4537-BA0B-6E5C6E39F023}.Release|x64.ActiveCfg = Release|x64
		{603ED3A2-1F11-4537-BA0B-6E5C6E39F023}.Release|x64.Build.0 = Release|x64
		{603ED3A2-1F11-4537-BA0B-6E5C6E39F023}.Release|x86.ActiveCfg = Release|Win32
		{603ED3A2-1F11-4537-BA0B-6E5C6E39F023}.Release|x86.Build.0 = Release|Win32
		{E39BA236-A405-4C64-AFFF-31D6B7DF241D}.Debug|x64.ActiveCfg = Debug|x64
		{E39BA236-A405-4C64-AFFF-31D6B7DF241D}.Debug|x64.Build.0 = Debug|x64
		{E39BA236-A405-4C64-AFFF-31D6B7DF241D}.Debug|x86.ActiveCfg = Debug|Win32
		{E39BA236-A405-4C64-AFFF-31D6B7DF241D}.Debug|x86.Build.0 = Debug|Win32
		{E39BA236-A405-4C64-AFFF-31D6B7DF241D}.Release|x64.ActiveCfg = Release|x64
		{E39BA236-A405-4C64-AFFF-31D6B7DF241D}.Release|x64.Build.0 = Release|x64
		{E39BA236-A405-4C64-AFFF-31D6B7DF241D}.Release|x86.ActiveCfg = Release|Win32
		{E39BA236-A405-4C64-AFFF-31D6B7DF241D}.Release|x86.Build.0 = Release|Win32
		{B86FFFD4-078C-474E-8FE2-A4D52CB88E2F}.Debug|x64.ActiveCfg = Debug|x64
		{B86FFFD4-078C-474E-8FE2-A4D52CB88E2F}.Debug|x64.Build.0 = Debug|x64
		{B86FFFD4-078C-474E-8FE2-A4D52CB88E2F}.Debug|x86.ActiveCfg = Debug|Win32
		{B86FFFD4-078C-474E-8FE2-A4D52CB88E2F}.Debug|x86.Build.0 = Debug|Win32
		{B86FFFD4-078C-474E-8FE2-A4D52CB88E2F}.Release|x64.ActiveCfg = Release|x64
		{B86FFFD4-078C-474E-8FE2-A4D52CB88E2F}.Release|x64.Build.0 = Release|x64
		{B86FFFD4-078C-474E-8FE2-A4D52CB88E2F}.Release|x86.ActiveCfg = Release|Win32
		{B86FFFD4-078C-474E-8FE2-A4D52CB88E2F}.Release|x86.Build.0 = Release|Win32
		{E05B34D3-F189-455C-BA98-C43C247DA474}.Debug|x64.ActiveCfg = Debug|x64
		{E05B34D3-F189-455C-BA98-C43C247DA474}.Debug|x64.Build.0 = Debug|x64
		{E05B34D3-F189-455C-BA98-C43C247DA474}.Debug|x86.ActiveCfg = Debug|Win32
		{E05B34D3-F189-455C-BA98-C43C247DA474}.Debug|x86.Build.0 = Debug|Win32
		{E05B34D3-F189-455C-BA98-C43C247DA474}.Release|x64.ActiveCfg = Release|x64
		{E05B34D3-F189-455C-BA98-C43C247DA474}.Release|x64.Build.0 = Release|x64
		{E05B34D3-F189-455C-BA98-C43C247DA474}.Release|x86.ActiveCfg = Release|Win32
		{E05B34D3-F189-455C-BA98-C43C247DA474}.Release|x86.Build.0 = Release|Win32
		{254A4EFF-AE40-4A4C-84DA-50ADFAB9EA20}.Debug|x64.ActiveCfg = Debug|x64
		{254A4EFF-AE40-4A4C-84DA-50ADFAB9EA20}.Debug|x64.Build.0 = Debug|x64
		{254A4EFF-AE40-4A4C-84DA-50ADFAB9EA20}.Debug|x86.ActiveCfg = Debug|Win32
		{254A4EFF-AE40-4A4C-84DA-50ADFAB9EA20}.Debug|x86.Build.0 = Debug|Win32
		{254A4EFF-AE40-4A4C-84DA-50ADFAB9EA20}.Release|x64.ActiveCfg = Release|x64
		{254A4EFF-AE40-4A4C-84DA-50ADFAB9EA20}.Release|x64.Build.0 = Release|x64
		{254A4EFF-AE40-4A4C-84DA-50ADFAB9EA20}.Release|x86.ActiveCfg = Release|Win32
		{254A4EFF-AE40-4A4C-84DA-50ADFAB9EA20}.Release|x86.Build.0 = Release|Win32
	EndGlobalSection
	GlobalSection(SolutionProperties) = preSolution
		HideSolutionNode = FALSE
	EndGlobalSection
	GlobalSection(ExtensibilityGlobals) = postSolution
		SolutionGuid = {1D2DA399-D542-45E3-B67F-EAA276D46FCC}
	EndGlobalSection
EndGlobal
