
Microsoft Visual Studio Solution File, Format Version 12.00
# Visual Studio Version 16
VisualStudioVersion = 16.0.29926.136
MinimumVisualStudioVersion = 10.0.40219.1
Project("{8BC9CEB8-8B4A-11D0-8D11-00A0C91BC942}") = "LAB(동적할당을 이용한 조합출력)", "LAB(동적할당을 이용한 조합출력)\LAB(동적할당을 이용한 조합출력).vcxproj", "{5893A693-B02A-4509-86D1-513B7C23DE33}"
EndProject
Global
	GlobalSection(SolutionConfigurationPlatforms) = preSolution
		Debug|x64 = Debug|x64
		Debug|x86 = Debug|x86
		Release|x64 = Release|x64
		Release|x86 = Release|x86
	EndGlobalSection
	GlobalSection(ProjectConfigurationPlatforms) = postSolution
		{5893A693-B02A-4509-86D1-513B7C23DE33}.Debug|x64.ActiveCfg = Debug|x64
		{5893A693-B02A-4509-86D1-513B7C23DE33}.Debug|x64.Build.0 = Debug|x64
		{5893A693-B02A-4509-86D1-513B7C23DE33}.Debug|x86.ActiveCfg = Debug|Win32
		{5893A693-B02A-4509-86D1-513B7C23DE33}.Debug|x86.Build.0 = Debug|Win32
		{5893A693-B02A-4509-86D1-513B7C23DE33}.Release|x64.ActiveCfg = Release|x64
		{5893A693-B02A-4509-86D1-513B7C23DE33}.Release|x64.Build.0 = Release|x64
		{5893A693-B02A-4509-86D1-513B7C23DE33}.Release|x86.ActiveCfg = Release|Win32
		{5893A693-B02A-4509-86D1-513B7C23DE33}.Release|x86.Build.0 = Release|Win32
	EndGlobalSection
	GlobalSection(SolutionProperties) = preSolution
		HideSolutionNode = FALSE
	EndGlobalSection
	GlobalSection(ExtensibilityGlobals) = postSolution
		SolutionGuid = {8F46DB27-D02A-45DF-A81C-8370E419A6C1}
	EndGlobalSection
EndGlobal
