
Microsoft Visual Studio Solution File, Format Version 12.00
# Visual Studio Version 16
VisualStudioVersion = 16.0.29926.136
MinimumVisualStudioVersion = 10.0.40219.1
Project("{8BC9CEB8-8B4A-11D0-8D11-00A0C91BC942}") = "LAB12_1_0", "LAB12_1_0\LAB12_1_0.vcxproj", "{575BE62D-C7BB-4093-ABD7-EA7B951E9C0F}"
EndProject
Project("{8BC9CEB8-8B4A-11D0-8D11-00A0C91BC942}") = "LAB12_1_1", "LAB12_1_1\LAB12_1_1.vcxproj", "{94E8C3EA-FED5-4A0E-97DB-715185372094}"
EndProject
Project("{8BC9CEB8-8B4A-11D0-8D11-00A0C91BC942}") = "LAB12_2", "LAB12_2\LAB12_2.vcxproj", "{A9F01D5F-2871-4D40-B49A-597B75A20E83}"
EndProject
Project("{8BC9CEB8-8B4A-11D0-8D11-00A0C91BC942}") = "LAB12_3", "LAB12_3\LAB12_3.vcxproj", "{D1A6A450-383F-411D-B328-9F6FA8A52FC7}"
EndProject
Project("{8BC9CEB8-8B4A-11D0-8D11-00A0C91BC942}") = "LAB12_4", "LAB12_4\LAB12_4.vcxproj", "{20026297-6530-4E8B-AD84-3A667EBA131B}"
EndProject
Project("{8BC9CEB8-8B4A-11D0-8D11-00A0C91BC942}") = "HW12_1", "HW12_1\HW12_1.vcxproj", "{005C3284-36EE-47B7-B65E-FB1E9B6BE613}"
EndProject
Project("{8BC9CEB8-8B4A-11D0-8D11-00A0C91BC942}") = "HW12_2", "HW12_2\HW12_2.vcxproj", "{736CA1B3-461E-4D86-A46C-64F187058C34}"
EndProject
Project("{8BC9CEB8-8B4A-11D0-8D11-00A0C91BC942}") = "HW12_3", "HW12_3\HW12_3.vcxproj", "{617BE1AE-F146-4EB6-B33D-81C9F0976B6A}"
EndProject
Global
	GlobalSection(SolutionConfigurationPlatforms) = preSolution
		Debug|x64 = Debug|x64
		Debug|x86 = Debug|x86
		Release|x64 = Release|x64
		Release|x86 = Release|x86
	EndGlobalSection
	GlobalSection(ProjectConfigurationPlatforms) = postSolution
		{575BE62D-C7BB-4093-ABD7-EA7B951E9C0F}.Debug|x64.ActiveCfg = Debug|x64
		{575BE62D-C7BB-4093-ABD7-EA7B951E9C0F}.Debug|x64.Build.0 = Debug|x64
		{575BE62D-C7BB-4093-ABD7-EA7B951E9C0F}.Debug|x86.ActiveCfg = Debug|Win32
		{575BE62D-C7BB-4093-ABD7-EA7B951E9C0F}.Debug|x86.Build.0 = Debug|Win32
		{575BE62D-C7BB-4093-ABD7-EA7B951E9C0F}.Release|x64.ActiveCfg = Release|x64
		{575BE62D-C7BB-4093-ABD7-EA7B951E9C0F}.Release|x64.Build.0 = Release|x64
		{575BE62D-C7BB-4093-ABD7-EA7B951E9C0F}.Release|x86.ActiveCfg = Release|Win32
		{575BE62D-C7BB-4093-ABD7-EA7B951E9C0F}.Release|x86.Build.0 = Release|Win32
		{94E8C3EA-FED5-4A0E-97DB-715185372094}.Debug|x64.ActiveCfg = Debug|x64
		{94E8C3EA-FED5-4A0E-97DB-715185372094}.Debug|x64.Build.0 = Debug|x64
		{94E8C3EA-FED5-4A0E-97DB-715185372094}.Debug|x86.ActiveCfg = Debug|Win32
		{94E8C3EA-FED5-4A0E-97DB-715185372094}.Debug|x86.Build.0 = Debug|Win32
		{94E8C3EA-FED5-4A0E-97DB-715185372094}.Release|x64.ActiveCfg = Release|x64
		{94E8C3EA-FED5-4A0E-97DB-715185372094}.Release|x64.Build.0 = Release|x64
		{94E8C3EA-FED5-4A0E-97DB-715185372094}.Release|x86.ActiveCfg = Release|Win32
		{94E8C3EA-FED5-4A0E-97DB-715185372094}.Release|x86.Build.0 = Release|Win32
		{A9F01D5F-2871-4D40-B49A-597B75A20E83}.Debug|x64.ActiveCfg = Debug|x64
		{A9F01D5F-2871-4D40-B49A-597B75A20E83}.Debug|x64.Build.0 = Debug|x64
		{A9F01D5F-2871-4D40-B49A-597B75A20E83}.Debug|x86.ActiveCfg = Debug|Win32
		{A9F01D5F-2871-4D40-B49A-597B75A20E83}.Debug|x86.Build.0 = Debug|Win32
		{A9F01D5F-2871-4D40-B49A-597B75A20E83}.Release|x64.ActiveCfg = Release|x64
		{A9F01D5F-2871-4D40-B49A-597B75A20E83}.Release|x64.Build.0 = Release|x64
		{A9F01D5F-2871-4D40-B49A-597B75A20E83}.Release|x86.ActiveCfg = Release|Win32
		{A9F01D5F-2871-4D40-B49A-597B75A20E83}.Release|x86.Build.0 = Release|Win32
		{D1A6A450-383F-411D-B328-9F6FA8A52FC7}.Debug|x64.ActiveCfg = Debug|x64
		{D1A6A450-383F-411D-B328-9F6FA8A52FC7}.Debug|x64.Build.0 = Debug|x64
		{D1A6A450-383F-411D-B328-9F6FA8A52FC7}.Debug|x86.ActiveCfg = Debug|Win32
		{D1A6A450-383F-411D-B328-9F6FA8A52FC7}.Debug|x86.Build.0 = Debug|Win32
		{D1A6A450-383F-411D-B328-9F6FA8A52FC7}.Release|x64.ActiveCfg = Release|x64
		{D1A6A450-383F-411D-B328-9F6FA8A52FC7}.Release|x64.Build.0 = Release|x64
		{D1A6A450-383F-411D-B328-9F6FA8A52FC7}.Release|x86.ActiveCfg = Release|Win32
		{D1A6A450-383F-411D-B328-9F6FA8A52FC7}.Release|x86.Build.0 = Release|Win32
		{20026297-6530-4E8B-AD84-3A667EBA131B}.Debug|x64.ActiveCfg = Debug|x64
		{20026297-6530-4E8B-AD84-3A667EBA131B}.Debug|x64.Build.0 = Debug|x64
		{20026297-6530-4E8B-AD84-3A667EBA131B}.Debug|x86.ActiveCfg = Debug|Win32
		{20026297-6530-4E8B-AD84-3A667EBA131B}.Debug|x86.Build.0 = Debug|Win32
		{20026297-6530-4E8B-AD84-3A667EBA131B}.Release|x64.ActiveCfg = Release|x64
		{20026297-6530-4E8B-AD84-3A667EBA131B}.Release|x64.Build.0 = Release|x64
		{20026297-6530-4E8B-AD84-3A667EBA131B}.Release|x86.ActiveCfg = Release|Win32
		{20026297-6530-4E8B-AD84-3A667EBA131B}.Release|x86.Build.0 = Release|Win32
		{005C3284-36EE-47B7-B65E-FB1E9B6BE613}.Debug|x64.ActiveCfg = Debug|x64
		{005C3284-36EE-47B7-B65E-FB1E9B6BE613}.Debug|x64.Build.0 = Debug|x64
		{005C3284-36EE-47B7-B65E-FB1E9B6BE613}.Debug|x86.ActiveCfg = Debug|Win32
		{005C3284-36EE-47B7-B65E-FB1E9B6BE613}.Debug|x86.Build.0 = Debug|Win32
		{005C3284-36EE-47B7-B65E-FB1E9B6BE613}.Release|x64.ActiveCfg = Release|x64
		{005C3284-36EE-47B7-B65E-FB1E9B6BE613}.Release|x64.Build.0 = Release|x64
		{005C3284-36EE-47B7-B65E-FB1E9B6BE613}.Release|x86.ActiveCfg = Release|Win32
		{005C3284-36EE-47B7-B65E-FB1E9B6BE613}.Release|x86.Build.0 = Release|Win32
		{736CA1B3-461E-4D86-A46C-64F187058C34}.Debug|x64.ActiveCfg = Debug|x64
		{736CA1B3-461E-4D86-A46C-64F187058C34}.Debug|x64.Build.0 = Debug|x64
		{736CA1B3-461E-4D86-A46C-64F187058C34}.Debug|x86.ActiveCfg = Debug|Win32
		{736CA1B3-461E-4D86-A46C-64F187058C34}.Debug|x86.Build.0 = Debug|Win32
		{736CA1B3-461E-4D86-A46C-64F187058C34}.Release|x64.ActiveCfg = Release|x64
		{736CA1B3-461E-4D86-A46C-64F187058C34}.Release|x64.Build.0 = Release|x64
		{736CA1B3-461E-4D86-A46C-64F187058C34}.Release|x86.ActiveCfg = Release|Win32
		{736CA1B3-461E-4D86-A46C-64F187058C34}.Release|x86.Build.0 = Release|Win32
		{617BE1AE-F146-4EB6-B33D-81C9F0976B6A}.Debug|x64.ActiveCfg = Debug|x64
		{617BE1AE-F146-4EB6-B33D-81C9F0976B6A}.Debug|x64.Build.0 = Debug|x64
		{617BE1AE-F146-4EB6-B33D-81C9F0976B6A}.Debug|x86.ActiveCfg = Debug|Win32
		{617BE1AE-F146-4EB6-B33D-81C9F0976B6A}.Debug|x86.Build.0 = Debug|Win32
		{617BE1AE-F146-4EB6-B33D-81C9F0976B6A}.Release|x64.ActiveCfg = Release|x64
		{617BE1AE-F146-4EB6-B33D-81C9F0976B6A}.Release|x64.Build.0 = Release|x64
		{617BE1AE-F146-4EB6-B33D-81C9F0976B6A}.Release|x86.ActiveCfg = Release|Win32
		{617BE1AE-F146-4EB6-B33D-81C9F0976B6A}.Release|x86.Build.0 = Release|Win32
	EndGlobalSection
	GlobalSection(SolutionProperties) = preSolution
		HideSolutionNode = FALSE
	EndGlobalSection
	GlobalSection(ExtensibilityGlobals) = postSolution
		SolutionGuid = {3DC24F71-AAF0-40EA-8F59-C56F5549FAE8}
	EndGlobalSection
EndGlobal
