
Microsoft Visual Studio Solution File, Format Version 12.00
# Visual Studio Version 16
VisualStudioVersion = 16.0.29926.136
MinimumVisualStudioVersion = 10.0.40219.1
Project("{8BC9CEB8-8B4A-11D0-8D11-00A0C91BC942}") = "LAB9_0_2a", "LAB9_0_2a\LAB9_0_2a.vcxproj", "{8D1F16A3-A393-4B9F-9E34-2BB024D61742}"
EndProject
Project("{8BC9CEB8-8B4A-11D0-8D11-00A0C91BC942}") = "LAB9_1", "LAB9_1\LAB9_1.vcxproj", "{FD5E3590-AE59-47ED-AA9C-6E2FE20E9FCA}"
EndProject
Project("{8BC9CEB8-8B4A-11D0-8D11-00A0C91BC942}") = "LAB9_4", "LAB9_4\LAB9_4.vcxproj", "{290866A1-814B-4934-A29D-D444145E0140}"
EndProject
Project("{8BC9CEB8-8B4A-11D0-8D11-00A0C91BC942}") = "HW9_1", "HW9_1\HW9_1.vcxproj", "{3188DF4B-60BF-4A38-BDE4-E27CF35A2FA2}"
EndProject
Project("{8BC9CEB8-8B4A-11D0-8D11-00A0C91BC942}") = "HW9_2", "HW9_2\HW9_2.vcxproj", "{9761889E-194B-4858-B963-F3F2DF80BA78}"
EndProject
Project("{8BC9CEB8-8B4A-11D0-8D11-00A0C91BC942}") = "LAB9_5", "LAB9_5\LAB9_5.vcxproj", "{3CBD3082-A0D2-4AE1-B723-E1D79768B0D4}"
EndProject
Project("{8BC9CEB8-8B4A-11D0-8D11-00A0C91BC942}") = "LAB9_0_2b", "LAB9_0_2b\LAB9_0_2b.vcxproj", "{8F97E5A2-FA78-41B9-98B1-011193A324A9}"
EndProject
Global
	GlobalSection(SolutionConfigurationPlatforms) = preSolution
		Debug|x64 = Debug|x64
		Debug|x86 = Debug|x86
		Release|x64 = Release|x64
		Release|x86 = Release|x86
	EndGlobalSection
	GlobalSection(ProjectConfigurationPlatforms) = postSolution
		{8D1F16A3-A393-4B9F-9E34-2BB024D61742}.Debug|x64.ActiveCfg = Debug|x64
		{8D1F16A3-A393-4B9F-9E34-2BB024D61742}.Debug|x64.Build.0 = Debug|x64
		{8D1F16A3-A393-4B9F-9E34-2BB024D61742}.Debug|x86.ActiveCfg = Debug|Win32
		{8D1F16A3-A393-4B9F-9E34-2BB024D61742}.Debug|x86.Build.0 = Debug|Win32
		{8D1F16A3-A393-4B9F-9E34-2BB024D61742}.Release|x64.ActiveCfg = Release|x64
		{8D1F16A3-A393-4B9F-9E34-2BB024D61742}.Release|x64.Build.0 = Release|x64
		{8D1F16A3-A393-4B9F-9E34-2BB024D61742}.Release|x86.ActiveCfg = Release|Win32
		{8D1F16A3-A393-4B9F-9E34-2BB024D61742}.Release|x86.Build.0 = Release|Win32
		{FD5E3590-AE59-47ED-AA9C-6E2FE20E9FCA}.Debug|x64.ActiveCfg = Debug|x64
		{FD5E3590-AE59-47ED-AA9C-6E2FE20E9FCA}.Debug|x64.Build.0 = Debug|x64
		{FD5E3590-AE59-47ED-AA9C-6E2FE20E9FCA}.Debug|x86.ActiveCfg = Debug|Win32
		{FD5E3590-AE59-47ED-AA9C-6E2FE20E9FCA}.Debug|x86.Build.0 = Debug|Win32
		{FD5E3590-AE59-47ED-AA9C-6E2FE20E9FCA}.Release|x64.ActiveCfg = Release|x64
		{FD5E3590-AE59-47ED-AA9C-6E2FE20E9FCA}.Release|x64.Build.0 = Release|x64
		{FD5E3590-AE59-47ED-AA9C-6E2FE20E9FCA}.Release|x86.ActiveCfg = Release|Win32
		{FD5E3590-AE59-47ED-AA9C-6E2FE20E9FCA}.Release|x86.Build.0 = Release|Win32
		{290866A1-814B-4934-A29D-D444145E0140}.Debug|x64.ActiveCfg = Debug|x64
		{290866A1-814B-4934-A29D-D444145E0140}.Debug|x64.Build.0 = Debug|x64
		{290866A1-814B-4934-A29D-D444145E0140}.Debug|x86.ActiveCfg = Debug|Win32
		{290866A1-814B-4934-A29D-D444145E0140}.Debug|x86.Build.0 = Debug|Win32
		{290866A1-814B-4934-A29D-D444145E0140}.Release|x64.ActiveCfg = Release|x64
		{290866A1-814B-4934-A29D-D444145E0140}.Release|x64.Build.0 = Release|x64
		{290866A1-814B-4934-A29D-D444145E0140}.Release|x86.ActiveCfg = Release|Win32
		{290866A1-814B-4934-A29D-D444145E0140}.Release|x86.Build.0 = Release|Win32
		{3188DF4B-60BF-4A38-BDE4-E27CF35A2FA2}.Debug|x64.ActiveCfg = Debug|x64
		{3188DF4B-60BF-4A38-BDE4-E27CF35A2FA2}.Debug|x64.Build.0 = Debug|x64
		{3188DF4B-60BF-4A38-BDE4-E27CF35A2FA2}.Debug|x86.ActiveCfg = Debug|Win32
		{3188DF4B-60BF-4A38-BDE4-E27CF35A2FA2}.Debug|x86.Build.0 = Debug|Win32
		{3188DF4B-60BF-4A38-BDE4-E27CF35A2FA2}.Release|x64.ActiveCfg = Release|x64
		{3188DF4B-60BF-4A38-BDE4-E27CF35A2FA2}.Release|x64.Build.0 = Release|x64
		{3188DF4B-60BF-4A38-BDE4-E27CF35A2FA2}.Release|x86.ActiveCfg = Release|Win32
		{3188DF4B-60BF-4A38-BDE4-E27CF35A2FA2}.Release|x86.Build.0 = Release|Win32
		{9761889E-194B-4858-B963-F3F2DF80BA78}.Debug|x64.ActiveCfg = Debug|x64
		{9761889E-194B-4858-B963-F3F2DF80BA78}.Debug|x64.Build.0 = Debug|x64
		{9761889E-194B-4858-B963-F3F2DF80BA78}.Debug|x86.ActiveCfg = Debug|Win32
		{9761889E-194B-4858-B963-F3F2DF80BA78}.Debug|x86.Build.0 = Debug|Win32
		{9761889E-194B-4858-B963-F3F2DF80BA78}.Release|x64.ActiveCfg = Release|x64
		{9761889E-194B-4858-B963-F3F2DF80BA78}.Release|x64.Build.0 = Release|x64
		{9761889E-194B-4858-B963-F3F2DF80BA78}.Release|x86.ActiveCfg = Release|Win32
		{9761889E-194B-4858-B963-F3F2DF80BA78}.Release|x86.Build.0 = Release|Win32
		{3CBD3082-A0D2-4AE1-B723-E1D79768B0D4}.Debug|x64.ActiveCfg = Debug|x64
		{3CBD3082-A0D2-4AE1-B723-E1D79768B0D4}.Debug|x64.Build.0 = Debug|x64
		{3CBD3082-A0D2-4AE1-B723-E1D79768B0D4}.Debug|x86.ActiveCfg = Debug|Win32
		{3CBD3082-A0D2-4AE1-B723-E1D79768B0D4}.Debug|x86.Build.0 = Debug|Win32
		{3CBD3082-A0D2-4AE1-B723-E1D79768B0D4}.Release|x64.ActiveCfg = Release|x64
		{3CBD3082-A0D2-4AE1-B723-E1D79768B0D4}.Release|x64.Build.0 = Release|x64
		{3CBD3082-A0D2-4AE1-B723-E1D79768B0D4}.Release|x86.ActiveCfg = Release|Win32
		{3CBD3082-A0D2-4AE1-B723-E1D79768B0D4}.Release|x86.Build.0 = Release|Win32
		{8F97E5A2-FA78-41B9-98B1-011193A324A9}.Debug|x64.ActiveCfg = Debug|x64
		{8F97E5A2-FA78-41B9-98B1-011193A324A9}.Debug|x64.Build.0 = Debug|x64
		{8F97E5A2-FA78-41B9-98B1-011193A324A9}.Debug|x86.ActiveCfg = Debug|Win32
		{8F97E5A2-FA78-41B9-98B1-011193A324A9}.Debug|x86.Build.0 = Debug|Win32
		{8F97E5A2-FA78-41B9-98B1-011193A324A9}.Release|x64.ActiveCfg = Release|x64
		{8F97E5A2-FA78-41B9-98B1-011193A324A9}.Release|x64.Build.0 = Release|x64
		{8F97E5A2-FA78-41B9-98B1-011193A324A9}.Release|x86.ActiveCfg = Release|Win32
		{8F97E5A2-FA78-41B9-98B1-011193A324A9}.Release|x86.Build.0 = Release|Win32
	EndGlobalSection
	GlobalSection(SolutionProperties) = preSolution
		HideSolutionNode = FALSE
	EndGlobalSection
	GlobalSection(ExtensibilityGlobals) = postSolution
		SolutionGuid = {D32FE683-B34D-4C34-873D-A2351F5DF825}
	EndGlobalSection
EndGlobal
