
Microsoft Visual Studio Solution File, Format Version 12.00
# Visual Studio Version 16
VisualStudioVersion = 16.0.29926.136
MinimumVisualStudioVersion = 10.0.40219.1
Project("{8BC9CEB8-8B4A-11D0-8D11-00A0C91BC942}") = "logic9", "logic9\logic9.vcxproj", "{5CD60F43-7A5A-43E2-9972-9BEAF792F256}"
EndProject
Project("{8BC9CEB8-8B4A-11D0-8D11-00A0C91BC942}") = "logic10", "logic10\logic10.vcxproj", "{41C133E6-42AD-495C-93DC-793668386E18}"
EndProject
Project("{8BC9CEB8-8B4A-11D0-8D11-00A0C91BC942}") = "logic12", "logic12\logic12.vcxproj", "{7E30AD4B-916A-4B6C-ABCC-CDDE2E882C4B}"
EndProject
Project("{8BC9CEB8-8B4A-11D0-8D11-00A0C91BC942}") = "logic13", "logic13\logic13.vcxproj", "{820BEC57-1248-4C1C-9821-31ABDFD811D7}"
EndProject
Project("{8BC9CEB8-8B4A-11D0-8D11-00A0C91BC942}") = "LAB1_1", "LAB1_1\LAB1_1.vcxproj", "{DA950A4E-4820-4EF3-93D5-5F352448763D}"
EndProject
Project("{8BC9CEB8-8B4A-11D0-8D11-00A0C91BC942}") = "LAB1_2", "LAB1_2\LAB1_2.vcxproj", "{31854216-128E-4BE9-BC4E-D8A1B22984EC}"
EndProject
Project("{8BC9CEB8-8B4A-11D0-8D11-00A0C91BC942}") = "HW1_1", "HW1_1\HW1_1.vcxproj", "{7227BBB2-1732-4C18-9FE1-511E0BAD58E2}"
EndProject
Project("{8BC9CEB8-8B4A-11D0-8D11-00A0C91BC942}") = "HW1_2", "HW1_2\HW1_2.vcxproj", "{7173A476-FDD6-4A95-9186-67588689332C}"
EndProject
Global
	GlobalSection(SolutionConfigurationPlatforms) = preSolution
		Debug|x64 = Debug|x64
		Debug|x86 = Debug|x86
		Release|x64 = Release|x64
		Release|x86 = Release|x86
	EndGlobalSection
	GlobalSection(ProjectConfigurationPlatforms) = postSolution
		{5CD60F43-7A5A-43E2-9972-9BEAF792F256}.Debug|x64.ActiveCfg = Debug|x64
		{5CD60F43-7A5A-43E2-9972-9BEAF792F256}.Debug|x64.Build.0 = Debug|x64
		{5CD60F43-7A5A-43E2-9972-9BEAF792F256}.Debug|x86.ActiveCfg = Debug|Win32
		{5CD60F43-7A5A-43E2-9972-9BEAF792F256}.Debug|x86.Build.0 = Debug|Win32
		{5CD60F43-7A5A-43E2-9972-9BEAF792F256}.Release|x64.ActiveCfg = Release|x64
		{5CD60F43-7A5A-43E2-9972-9BEAF792F256}.Release|x64.Build.0 = Release|x64
		{5CD60F43-7A5A-43E2-9972-9BEAF792F256}.Release|x86.ActiveCfg = Release|Win32
		{5CD60F43-7A5A-43E2-9972-9BEAF792F256}.Release|x86.Build.0 = Release|Win32
		{41C133E6-42AD-495C-93DC-793668386E18}.Debug|x64.ActiveCfg = Debug|x64
		{41C133E6-42AD-495C-93DC-793668386E18}.Debug|x64.Build.0 = Debug|x64
		{41C133E6-42AD-495C-93DC-793668386E18}.Debug|x86.ActiveCfg = Debug|Win32
		{41C133E6-42AD-495C-93DC-793668386E18}.Debug|x86.Build.0 = Debug|Win32
		{41C133E6-42AD-495C-93DC-793668386E18}.Release|x64.ActiveCfg = Release|x64
		{41C133E6-42AD-495C-93DC-793668386E18}.Release|x64.Build.0 = Release|x64
		{41C133E6-42AD-495C-93DC-793668386E18}.Release|x86.ActiveCfg = Release|Win32
		{41C133E6-42AD-495C-93DC-793668386E18}.Release|x86.Build.0 = Release|Win32
		{7E30AD4B-916A-4B6C-ABCC-CDDE2E882C4B}.Debug|x64.ActiveCfg = Debug|x64
		{7E30AD4B-916A-4B6C-ABCC-CDDE2E882C4B}.Debug|x64.Build.0 = Debug|x64
		{7E30AD4B-916A-4B6C-ABCC-CDDE2E882C4B}.Debug|x86.ActiveCfg = Debug|Win32
		{7E30AD4B-916A-4B6C-ABCC-CDDE2E882C4B}.Debug|x86.Build.0 = Debug|Win32
		{7E30AD4B-916A-4B6C-ABCC-CDDE2E882C4B}.Release|x64.ActiveCfg = Release|x64
		{7E30AD4B-916A-4B6C-ABCC-CDDE2E882C4B}.Release|x64.Build.0 = Release|x64
		{7E30AD4B-916A-4B6C-ABCC-CDDE2E882C4B}.Release|x86.ActiveCfg = Release|Win32
		{7E30AD4B-916A-4B6C-ABCC-CDDE2E882C4B}.Release|x86.Build.0 = Release|Win32
		{820BEC57-1248-4C1C-9821-31ABDFD811D7}.Debug|x64.ActiveCfg = Debug|x64
		{820BEC57-1248-4C1C-9821-31ABDFD811D7}.Debug|x64.Build.0 = Debug|x64
		{820BEC57-1248-4C1C-9821-31ABDFD811D7}.Debug|x86.ActiveCfg = Debug|Win32
		{820BEC57-1248-4C1C-9821-31ABDFD811D7}.Debug|x86.Build.0 = Debug|Win32
		{820BEC57-1248-4C1C-9821-31ABDFD811D7}.Release|x64.ActiveCfg = Release|x64
		{820BEC57-1248-4C1C-9821-31ABDFD811D7}.Release|x64.Build.0 = Release|x64
		{820BEC57-1248-4C1C-9821-31ABDFD811D7}.Release|x86.ActiveCfg = Release|Win32
		{820BEC57-1248-4C1C-9821-31ABDFD811D7}.Release|x86.Build.0 = Release|Win32
		{DA950A4E-4820-4EF3-93D5-5F352448763D}.Debug|x64.ActiveCfg = Debug|x64
		{DA950A4E-4820-4EF3-93D5-5F352448763D}.Debug|x64.Build.0 = Debug|x64
		{DA950A4E-4820-4EF3-93D5-5F352448763D}.Debug|x86.ActiveCfg = Debug|Win32
		{DA950A4E-4820-4EF3-93D5-5F352448763D}.Debug|x86.Build.0 = Debug|Win32
		{DA950A4E-4820-4EF3-93D5-5F352448763D}.Release|x64.ActiveCfg = Release|x64
		{DA950A4E-4820-4EF3-93D5-5F352448763D}.Release|x64.Build.0 = Release|x64
		{DA950A4E-4820-4EF3-93D5-5F352448763D}.Release|x86.ActiveCfg = Release|Win32
		{DA950A4E-4820-4EF3-93D5-5F352448763D}.Release|x86.Build.0 = Release|Win32
		{31854216-128E-4BE9-BC4E-D8A1B22984EC}.Debug|x64.ActiveCfg = Debug|x64
		{31854216-128E-4BE9-BC4E-D8A1B22984EC}.Debug|x64.Build.0 = Debug|x64
		{31854216-128E-4BE9-BC4E-D8A1B22984EC}.Debug|x86.ActiveCfg = Debug|Win32
		{31854216-128E-4BE9-BC4E-D8A1B22984EC}.Debug|x86.Build.0 = Debug|Win32
		{31854216-128E-4BE9-BC4E-D8A1B22984EC}.Release|x64.ActiveCfg = Release|x64
		{31854216-128E-4BE9-BC4E-D8A1B22984EC}.Release|x64.Build.0 = Release|x64
		{31854216-128E-4BE9-BC4E-D8A1B22984EC}.Release|x86.ActiveCfg = Release|Win32
		{31854216-128E-4BE9-BC4E-D8A1B22984EC}.Release|x86.Build.0 = Release|Win32
		{7227BBB2-1732-4C18-9FE1-511E0BAD58E2}.Debug|x64.ActiveCfg = Debug|x64
		{7227BBB2-1732-4C18-9FE1-511E0BAD58E2}.Debug|x64.Build.0 = Debug|x64
		{7227BBB2-1732-4C18-9FE1-511E0BAD58E2}.Debug|x86.ActiveCfg = Debug|Win32
		{7227BBB2-1732-4C18-9FE1-511E0BAD58E2}.Debug|x86.Build.0 = Debug|Win32
		{7227BBB2-1732-4C18-9FE1-511E0BAD58E2}.Release|x64.ActiveCfg = Release|x64
		{7227BBB2-1732-4C18-9FE1-511E0BAD58E2}.Release|x64.Build.0 = Release|x64
		{7227BBB2-1732-4C18-9FE1-511E0BAD58E2}.Release|x86.ActiveCfg = Release|Win32
		{7227BBB2-1732-4C18-9FE1-511E0BAD58E2}.Release|x86.Build.0 = Release|Win32
		{7173A476-FDD6-4A95-9186-67588689332C}.Debug|x64.ActiveCfg = Debug|x64
		{7173A476-FDD6-4A95-9186-67588689332C}.Debug|x64.Build.0 = Debug|x64
		{7173A476-FDD6-4A95-9186-67588689332C}.Debug|x86.ActiveCfg = Debug|Win32
		{7173A476-FDD6-4A95-9186-67588689332C}.Debug|x86.Build.0 = Debug|Win32
		{7173A476-FDD6-4A95-9186-67588689332C}.Release|x64.ActiveCfg = Release|x64
		{7173A476-FDD6-4A95-9186-67588689332C}.Release|x64.Build.0 = Release|x64
		{7173A476-FDD6-4A95-9186-67588689332C}.Release|x86.ActiveCfg = Release|Win32
		{7173A476-FDD6-4A95-9186-67588689332C}.Release|x86.Build.0 = Release|Win32
	EndGlobalSection
	GlobalSection(SolutionProperties) = preSolution
		HideSolutionNode = FALSE
	EndGlobalSection
	GlobalSection(ExtensibilityGlobals) = postSolution
		SolutionGuid = {4F262350-FD43-447D-8B3A-EC492EDA7B8E}
	EndGlobalSection
EndGlobal
