
Microsoft Visual Studio Solution File, Format Version 12.00
# Visual Studio Version 16
VisualStudioVersion = 16.0.29926.136
MinimumVisualStudioVersion = 10.0.40219.1
Project("{8BC9CEB8-8B4A-11D0-8D11-00A0C91BC942}") = "LAB11_0_1", "LAB11_0_1\LAB11_0_1.vcxproj", "{B92E6EBC-14C9-4940-983E-39804DF6E1C3}"
EndProject
Project("{8BC9CEB8-8B4A-11D0-8D11-00A0C91BC942}") = "LAB11_0_2", "LAB11_0_2\LAB11_0_2.vcxproj", "{0CA523CA-D538-4EE6-B147-A8D5F426C0FB}"
EndProject
Project("{8BC9CEB8-8B4A-11D0-8D11-00A0C91BC942}") = "LAB11_1", "LAB11_1\LAB11_1.vcxproj", "{77CC082F-327C-4839-BBB8-451800C256FA}"
EndProject
Project("{8BC9CEB8-8B4A-11D0-8D11-00A0C91BC942}") = "LAB11_2", "LAB11_2\LAB11_2.vcxproj", "{16DF62A3-E4E3-4251-84C2-EE145D743066}"
EndProject
Project("{8BC9CEB8-8B4A-11D0-8D11-00A0C91BC942}") = "LAB11_1(응용)", "LAB11_1(응용)\LAB11_1(응용).vcxproj", "{5F2B04FD-E33E-47D9-8905-63F55345AFAE}"
EndProject
Project("{8BC9CEB8-8B4A-11D0-8D11-00A0C91BC942}") = "LAB11_3", "LAB11_3\LAB11_3.vcxproj", "{8BE9FF36-70D4-46FB-88A3-A8EF2DD35AFD}"
EndProject
Project("{8BC9CEB8-8B4A-11D0-8D11-00A0C91BC942}") = "HW11_1", "HW11_1\HW11_1.vcxproj", "{A67A1142-223A-4026-9E59-E655A216AB83}"
EndProject
Project("{8BC9CEB8-8B4A-11D0-8D11-00A0C91BC942}") = "HW11_2", "HW11_2\HW11_2.vcxproj", "{04FD7FCC-CE62-4DD2-9AB0-06130F9FECBA}"
EndProject
Project("{8BC9CEB8-8B4A-11D0-8D11-00A0C91BC942}") = "HW11_3", "HW11_3\HW11_3.vcxproj", "{5F33DDDC-5CB1-4EC5-8114-3518F9991B87}"
EndProject
Project("{8BC9CEB8-8B4A-11D0-8D11-00A0C91BC942}") = "HW11_4_0", "HW11_4_0\HW11_4_0.vcxproj", "{20AF5A35-04AA-457D-8B53-AC5522B51896}"
EndProject
Project("{8BC9CEB8-8B4A-11D0-8D11-00A0C91BC942}") = "HW11_4_1", "HW11_4_1\HW11_4_1.vcxproj", "{CB9A23F6-D683-4192-AE9A-FA74925561C1}"
EndProject
Project("{8BC9CEB8-8B4A-11D0-8D11-00A0C91BC942}") = "HW(메르센 소수)", "HW(메르센 소수)\HW(메르센 소수).vcxproj", "{3A1B025B-D27D-4423-B253-6AC6EADE4D2C}"
EndProject
Project("{8BC9CEB8-8B4A-11D0-8D11-00A0C91BC942}") = "HW9_다(사이클 숫자 revisited)", "HW9_다(사이클 숫자 revisited)\HW9_다(사이클 숫자 revisited).vcxproj", "{64839A72-C646-41A8-8BD3-EE75B6F75F41}"
EndProject
Global
	GlobalSection(SolutionConfigurationPlatforms) = preSolution
		Debug|x64 = Debug|x64
		Debug|x86 = Debug|x86
		Release|x64 = Release|x64
		Release|x86 = Release|x86
	EndGlobalSection
	GlobalSection(ProjectConfigurationPlatforms) = postSolution
		{B92E6EBC-14C9-4940-983E-39804DF6E1C3}.Debug|x64.ActiveCfg = Debug|x64
		{B92E6EBC-14C9-4940-983E-39804DF6E1C3}.Debug|x64.Build.0 = Debug|x64
		{B92E6EBC-14C9-4940-983E-39804DF6E1C3}.Debug|x86.ActiveCfg = Debug|Win32
		{B92E6EBC-14C9-4940-983E-39804DF6E1C3}.Debug|x86.Build.0 = Debug|Win32
		{B92E6EBC-14C9-4940-983E-39804DF6E1C3}.Release|x64.ActiveCfg = Release|x64
		{B92E6EBC-14C9-4940-983E-39804DF6E1C3}.Release|x64.Build.0 = Release|x64
		{B92E6EBC-14C9-4940-983E-39804DF6E1C3}.Release|x86.ActiveCfg = Release|Win32
		{B92E6EBC-14C9-4940-983E-39804DF6E1C3}.Release|x86.Build.0 = Release|Win32
		{0CA523CA-D538-4EE6-B147-A8D5F426C0FB}.Debug|x64.ActiveCfg = Debug|x64
		{0CA523CA-D538-4EE6-B147-A8D5F426C0FB}.Debug|x64.Build.0 = Debug|x64
		{0CA523CA-D538-4EE6-B147-A8D5F426C0FB}.Debug|x86.ActiveCfg = Debug|Win32
		{0CA523CA-D538-4EE6-B147-A8D5F426C0FB}.Debug|x86.Build.0 = Debug|Win32
		{0CA523CA-D538-4EE6-B147-A8D5F426C0FB}.Release|x64.ActiveCfg = Release|x64
		{0CA523CA-D538-4EE6-B147-A8D5F426C0FB}.Release|x64.Build.0 = Release|x64
		{0CA523CA-D538-4EE6-B147-A8D5F426C0FB}.Release|x86.ActiveCfg = Release|Win32
		{0CA523CA-D538-4EE6-B147-A8D5F426C0FB}.Release|x86.Build.0 = Release|Win32
		{77CC082F-327C-4839-BBB8-451800C256FA}.Debug|x64.ActiveCfg = Debug|x64
		{77CC082F-327C-4839-BBB8-451800C256FA}.Debug|x64.Build.0 = Debug|x64
		{77CC082F-327C-4839-BBB8-451800C256FA}.Debug|x86.ActiveCfg = Debug|Win32
		{77CC082F-327C-4839-BBB8-451800C256FA}.Debug|x86.Build.0 = Debug|Win32
		{77CC082F-327C-4839-BBB8-451800C256FA}.Release|x64.ActiveCfg = Release|x64
		{77CC082F-327C-4839-BBB8-451800C256FA}.Release|x64.Build.0 = Release|x64
		{77CC082F-327C-4839-BBB8-451800C256FA}.Release|x86.ActiveCfg = Release|Win32
		{77CC082F-327C-4839-BBB8-451800C256FA}.Release|x86.Build.0 = Release|Win32
		{16DF62A3-E4E3-4251-84C2-EE145D743066}.Debug|x64.ActiveCfg = Debug|x64
		{16DF62A3-E4E3-4251-84C2-EE145D743066}.Debug|x64.Build.0 = Debug|x64
		{16DF62A3-E4E3-4251-84C2-EE145D743066}.Debug|x86.ActiveCfg = Debug|Win32
		{16DF62A3-E4E3-4251-84C2-EE145D743066}.Debug|x86.Build.0 = Debug|Win32
		{16DF62A3-E4E3-4251-84C2-EE145D743066}.Release|x64.ActiveCfg = Release|x64
		{16DF62A3-E4E3-4251-84C2-EE145D743066}.Release|x64.Build.0 = Release|x64
		{16DF62A3-E4E3-4251-84C2-EE145D743066}.Release|x86.ActiveCfg = Release|Win32
		{16DF62A3-E4E3-4251-84C2-EE145D743066}.Release|x86.Build.0 = Release|Win32
		{5F2B04FD-E33E-47D9-8905-63F55345AFAE}.Debug|x64.ActiveCfg = Debug|x64
		{5F2B04FD-E33E-47D9-8905-63F55345AFAE}.Debug|x64.Build.0 = Debug|x64
		{5F2B04FD-E33E-47D9-8905-63F55345AFAE}.Debug|x86.ActiveCfg = Debug|Win32
		{5F2B04FD-E33E-47D9-8905-63F55345AFAE}.Debug|x86.Build.0 = Debug|Win32
		{5F2B04FD-E33E-47D9-8905-63F55345AFAE}.Release|x64.ActiveCfg = Release|x64
		{5F2B04FD-E33E-47D9-8905-63F55345AFAE}.Release|x64.Build.0 = Release|x64
		{5F2B04FD-E33E-47D9-8905-63F55345AFAE}.Release|x86.ActiveCfg = Release|Win32
		{5F2B04FD-E33E-47D9-8905-63F55345AFAE}.Release|x86.Build.0 = Release|Win32
		{8BE9FF36-70D4-46FB-88A3-A8EF2DD35AFD}.Debug|x64.ActiveCfg = Debug|x64
		{8BE9FF36-70D4-46FB-88A3-A8EF2DD35AFD}.Debug|x64.Build.0 = Debug|x64
		{8BE9FF36-70D4-46FB-88A3-A8EF2DD35AFD}.Debug|x86.ActiveCfg = Debug|Win32
		{8BE9FF36-70D4-46FB-88A3-A8EF2DD35AFD}.Debug|x86.Build.0 = Debug|Win32
		{8BE9FF36-70D4-46FB-88A3-A8EF2DD35AFD}.Release|x64.ActiveCfg = Release|x64
		{8BE9FF36-70D4-46FB-88A3-A8EF2DD35AFD}.Release|x64.Build.0 = Release|x64
		{8BE9FF36-70D4-46FB-88A3-A8EF2DD35AFD}.Release|x86.ActiveCfg = Release|Win32
		{8BE9FF36-70D4-46FB-88A3-A8EF2DD35AFD}.Release|x86.Build.0 = Release|Win32
		{A67A1142-223A-4026-9E59-E655A216AB83}.Debug|x64.ActiveCfg = Debug|x64
		{A67A1142-223A-4026-9E59-E655A216AB83}.Debug|x64.Build.0 = Debug|x64
		{A67A1142-223A-4026-9E59-E655A216AB83}.Debug|x86.ActiveCfg = Debug|Win32
		{A67A1142-223A-4026-9E59-E655A216AB83}.Debug|x86.Build.0 = Debug|Win32
		{A67A1142-223A-4026-9E59-E655A216AB83}.Release|x64.ActiveCfg = Release|x64
		{A67A1142-223A-4026-9E59-E655A216AB83}.Release|x64.Build.0 = Release|x64
		{A67A1142-223A-4026-9E59-E655A216AB83}.Release|x86.ActiveCfg = Release|Win32
		{A67A1142-223A-4026-9E59-E655A216AB83}.Release|x86.Build.0 = Release|Win32
		{04FD7FCC-CE62-4DD2-9AB0-06130F9FECBA}.Debug|x64.ActiveCfg = Debug|x64
		{04FD7FCC-CE62-4DD2-9AB0-06130F9FECBA}.Debug|x64.Build.0 = Debug|x64
		{04FD7FCC-CE62-4DD2-9AB0-06130F9FECBA}.Debug|x86.ActiveCfg = Debug|Win32
		{04FD7FCC-CE62-4DD2-9AB0-06130F9FECBA}.Debug|x86.Build.0 = Debug|Win32
		{04FD7FCC-CE62-4DD2-9AB0-06130F9FECBA}.Release|x64.ActiveCfg = Release|x64
		{04FD7FCC-CE62-4DD2-9AB0-06130F9FECBA}.Release|x64.Build.0 = Release|x64
		{04FD7FCC-CE62-4DD2-9AB0-06130F9FECBA}.Release|x86.ActiveCfg = Release|Win32
		{04FD7FCC-CE62-4DD2-9AB0-06130F9FECBA}.Release|x86.Build.0 = Release|Win32
		{5F33DDDC-5CB1-4EC5-8114-3518F9991B87}.Debug|x64.ActiveCfg = Debug|x64
		{5F33DDDC-5CB1-4EC5-8114-3518F9991B87}.Debug|x64.Build.0 = Debug|x64
		{5F33DDDC-5CB1-4EC5-8114-3518F9991B87}.Debug|x86.ActiveCfg = Debug|Win32
		{5F33DDDC-5CB1-4EC5-8114-3518F9991B87}.Debug|x86.Build.0 = Debug|Win32
		{5F33DDDC-5CB1-4EC5-8114-3518F9991B87}.Release|x64.ActiveCfg = Release|x64
		{5F33DDDC-5CB1-4EC5-8114-3518F9991B87}.Release|x64.Build.0 = Release|x64
		{5F33DDDC-5CB1-4EC5-8114-3518F9991B87}.Release|x86.ActiveCfg = Release|Win32
		{5F33DDDC-5CB1-4EC5-8114-3518F9991B87}.Release|x86.Build.0 = Release|Win32
		{20AF5A35-04AA-457D-8B53-AC5522B51896}.Debug|x64.ActiveCfg = Debug|x64
		{20AF5A35-04AA-457D-8B53-AC5522B51896}.Debug|x64.Build.0 = Debug|x64
		{20AF5A35-04AA-457D-8B53-AC5522B51896}.Debug|x86.ActiveCfg = Debug|Win32
		{20AF5A35-04AA-457D-8B53-AC5522B51896}.Debug|x86.Build.0 = Debug|Win32
		{20AF5A35-04AA-457D-8B53-AC5522B51896}.Release|x64.ActiveCfg = Release|x64
		{20AF5A35-04AA-457D-8B53-AC5522B51896}.Release|x64.Build.0 = Release|x64
		{20AF5A35-04AA-457D-8B53-AC5522B51896}.Release|x86.ActiveCfg = Release|Win32
		{20AF5A35-04AA-457D-8B53-AC5522B51896}.Release|x86.Build.0 = Release|Win32
		{CB9A23F6-D683-4192-AE9A-FA74925561C1}.Debug|x64.ActiveCfg = Debug|x64
		{CB9A23F6-D683-4192-AE9A-FA74925561C1}.Debug|x64.Build.0 = Debug|x64
		{CB9A23F6-D683-4192-AE9A-FA74925561C1}.Debug|x86.ActiveCfg = Debug|Win32
		{CB9A23F6-D683-4192-AE9A-FA74925561C1}.Debug|x86.Build.0 = Debug|Win32
		{CB9A23F6-D683-4192-AE9A-FA74925561C1}.Release|x64.ActiveCfg = Release|x64
		{CB9A23F6-D683-4192-AE9A-FA74925561C1}.Release|x64.Build.0 = Release|x64
		{CB9A23F6-D683-4192-AE9A-FA74925561C1}.Release|x86.ActiveCfg = Release|Win32
		{CB9A23F6-D683-4192-AE9A-FA74925561C1}.Release|x86.Build.0 = Release|Win32
		{3A1B025B-D27D-4423-B253-6AC6EADE4D2C}.Debug|x64.ActiveCfg = Debug|x64
		{3A1B025B-D27D-4423-B253-6AC6EADE4D2C}.Debug|x64.Build.0 = Debug|x64
		{3A1B025B-D27D-4423-B253-6AC6EADE4D2C}.Debug|x86.ActiveCfg = Debug|Win32
		{3A1B025B-D27D-4423-B253-6AC6EADE4D2C}.Debug|x86.Build.0 = Debug|Win32
		{3A1B025B-D27D-4423-B253-6AC6EADE4D2C}.Release|x64.ActiveCfg = Release|x64
		{3A1B025B-D27D-4423-B253-6AC6EADE4D2C}.Release|x64.Build.0 = Release|x64
		{3A1B025B-D27D-4423-B253-6AC6EADE4D2C}.Release|x86.ActiveCfg = Release|Win32
		{3A1B025B-D27D-4423-B253-6AC6EADE4D2C}.Release|x86.Build.0 = Release|Win32
		{64839A72-C646-41A8-8BD3-EE75B6F75F41}.Debug|x64.ActiveCfg = Debug|x64
		{64839A72-C646-41A8-8BD3-EE75B6F75F41}.Debug|x64.Build.0 = Debug|x64
		{64839A72-C646-41A8-8BD3-EE75B6F75F41}.Debug|x86.ActiveCfg = Debug|Win32
		{64839A72-C646-41A8-8BD3-EE75B6F75F41}.Debug|x86.Build.0 = Debug|Win32
		{64839A72-C646-41A8-8BD3-EE75B6F75F41}.Release|x64.ActiveCfg = Release|x64
		{64839A72-C646-41A8-8BD3-EE75B6F75F41}.Release|x64.Build.0 = Release|x64
		{64839A72-C646-41A8-8BD3-EE75B6F75F41}.Release|x86.ActiveCfg = Release|Win32
		{64839A72-C646-41A8-8BD3-EE75B6F75F41}.Release|x86.Build.0 = Release|Win32
	EndGlobalSection
	GlobalSection(SolutionProperties) = preSolution
		HideSolutionNode = FALSE
	EndGlobalSection
	GlobalSection(ExtensibilityGlobals) = postSolution
		SolutionGuid = {2B8B1B59-F3BD-4D32-8C8C-806F8DBBDF75}
	EndGlobalSection
EndGlobal
