
Microsoft Visual Studio Solution File, Format Version 12.00
# Visual Studio Version 16
VisualStudioVersion = 16.0.29926.136
MinimumVisualStudioVersion = 10.0.40219.1
Project("{8BC9CEB8-8B4A-11D0-8D11-00A0C91BC942}") = "LAB8_4", "LAB8_4\LAB8_4.vcxproj", "{0BC53DB7-4BDB-4CB1-92E3-F8A152B0D8AF}"
EndProject
Project("{8BC9CEB8-8B4A-11D0-8D11-00A0C91BC942}") = "HW8_1", "HW8_1\HW8_1.vcxproj", "{3B2751BB-E8F8-4BBE-B378-68D7194B349C}"
EndProject
Project("{8BC9CEB8-8B4A-11D0-8D11-00A0C91BC942}") = "HW8_2", "HW8_2\HW8_2.vcxproj", "{92D787FB-5723-494C-83F2-C137F6BB8DFF}"
EndProject
Project("{8BC9CEB8-8B4A-11D0-8D11-00A0C91BC942}") = "HW8_7", "HW8_7\HW8_7.vcxproj", "{C6055012-4576-4FE7-80E5-534BE0FAC86D}"
EndProject
Project("{8BC9CEB8-8B4A-11D0-8D11-00A0C91BC942}") = "HW8_3", "HW8_3\HW8_3.vcxproj", "{73CAC2F0-FCFB-4722-BBA5-B456DD537FB3}"
EndProject
Project("{8BC9CEB8-8B4A-11D0-8D11-00A0C91BC942}") = "HW8_8", "HW8_8\HW8_8.vcxproj", "{1EC14889-CB1E-4431-93DA-1364A5B31189}"
EndProject
Project("{8BC9CEB8-8B4A-11D0-8D11-00A0C91BC942}") = "LAB8_1", "LAB8_1\LAB8_1.vcxproj", "{1ADA798E-D9AD-4A13-86A0-C819227FA84F}"
EndProject
Project("{8BC9CEB8-8B4A-11D0-8D11-00A0C91BC942}") = "LAB8_2", "LAB8_2\LAB8_2.vcxproj", "{B40848EC-F69F-4519-B703-6DC10193F261}"
EndProject
Project("{8BC9CEB8-8B4A-11D0-8D11-00A0C91BC942}") = "HW8_4_1", "HW8_4_1\HW8_4_1.vcxproj", "{AE421A3D-F5A3-401E-8C8A-7A8518CE21B8}"
EndProject
Project("{8BC9CEB8-8B4A-11D0-8D11-00A0C91BC942}") = "LAB8_3", "LAB8_3\LAB8_3.vcxproj", "{EBCD31D3-30A2-48C1-ADE9-79CC22C7C20B}"
EndProject
Project("{8BC9CEB8-8B4A-11D0-8D11-00A0C91BC942}") = "HW8_5", "HW8_5\HW8_5.vcxproj", "{4E62AD21-3850-4C46-A6A7-4788D146425F}"
EndProject
Project("{8BC9CEB8-8B4A-11D0-8D11-00A0C91BC942}") = "HW8_6", "HW8_6\HW8_6.vcxproj", "{5BBF8830-F3B3-4C3C-8C2A-39796EBF892C}"
EndProject
Project("{8BC9CEB8-8B4A-11D0-8D11-00A0C91BC942}") = "LAB8_5_1", "LAB8_5_1\LAB8_5_1.vcxproj", "{680F5910-1216-4615-86A2-76715B81722A}"
EndProject
Project("{8BC9CEB8-8B4A-11D0-8D11-00A0C91BC942}") = "LAB8_5_2", "LAB8_5_2\LAB8_5_2.vcxproj", "{5219D597-456A-4D50-8A79-A1A35E66C815}"
EndProject
Project("{8BC9CEB8-8B4A-11D0-8D11-00A0C91BC942}") = "HW8_4_2", "HW8_4_2\HW8_4_2.vcxproj", "{FAAEAEDA-6456-4015-848E-1E7D7AB1F806}"
EndProject
Global
	GlobalSection(SolutionConfigurationPlatforms) = preSolution
		Debug|x64 = Debug|x64
		Debug|x86 = Debug|x86
		Release|x64 = Release|x64
		Release|x86 = Release|x86
	EndGlobalSection
	GlobalSection(ProjectConfigurationPlatforms) = postSolution
		{0BC53DB7-4BDB-4CB1-92E3-F8A152B0D8AF}.Debug|x64.ActiveCfg = Debug|x64
		{0BC53DB7-4BDB-4CB1-92E3-F8A152B0D8AF}.Debug|x64.Build.0 = Debug|x64
		{0BC53DB7-4BDB-4CB1-92E3-F8A152B0D8AF}.Debug|x86.ActiveCfg = Debug|Win32
		{0BC53DB7-4BDB-4CB1-92E3-F8A152B0D8AF}.Debug|x86.Build.0 = Debug|Win32
		{0BC53DB7-4BDB-4CB1-92E3-F8A152B0D8AF}.Release|x64.ActiveCfg = Release|x64
		{0BC53DB7-4BDB-4CB1-92E3-F8A152B0D8AF}.Release|x64.Build.0 = Release|x64
		{0BC53DB7-4BDB-4CB1-92E3-F8A152B0D8AF}.Release|x86.ActiveCfg = Release|Win32
		{0BC53DB7-4BDB-4CB1-92E3-F8A152B0D8AF}.Release|x86.Build.0 = Release|Win32
		{3B2751BB-E8F8-4BBE-B378-68D7194B349C}.Debug|x64.ActiveCfg = Debug|x64
		{3B2751BB-E8F8-4BBE-B378-68D7194B349C}.Debug|x64.Build.0 = Debug|x64
		{3B2751BB-E8F8-4BBE-B378-68D7194B349C}.Debug|x86.ActiveCfg = Debug|Win32
		{3B2751BB-E8F8-4BBE-B378-68D7194B349C}.Debug|x86.Build.0 = Debug|Win32
		{3B2751BB-E8F8-4BBE-B378-68D7194B349C}.Release|x64.ActiveCfg = Release|x64
		{3B2751BB-E8F8-4BBE-B378-68D7194B349C}.Release|x64.Build.0 = Release|x64
		{3B2751BB-E8F8-4BBE-B378-68D7194B349C}.Release|x86.ActiveCfg = Release|Win32
		{3B2751BB-E8F8-4BBE-B378-68D7194B349C}.Release|x86.Build.0 = Release|Win32
		{92D787FB-5723-494C-83F2-C137F6BB8DFF}.Debug|x64.ActiveCfg = Debug|x64
		{92D787FB-5723-494C-83F2-C137F6BB8DFF}.Debug|x64.Build.0 = Debug|x64
		{92D787FB-5723-494C-83F2-C137F6BB8DFF}.Debug|x86.ActiveCfg = Debug|Win32
		{92D787FB-5723-494C-83F2-C137F6BB8DFF}.Debug|x86.Build.0 = Debug|Win32
		{92D787FB-5723-494C-83F2-C137F6BB8DFF}.Release|x64.ActiveCfg = Release|x64
		{92D787FB-5723-494C-83F2-C137F6BB8DFF}.Release|x64.Build.0 = Release|x64
		{92D787FB-5723-494C-83F2-C137F6BB8DFF}.Release|x86.ActiveCfg = Release|Win32
		{92D787FB-5723-494C-83F2-C137F6BB8DFF}.Release|x86.Build.0 = Release|Win32
		{C6055012-4576-4FE7-80E5-534BE0FAC86D}.Debug|x64.ActiveCfg = Debug|x64
		{C6055012-4576-4FE7-80E5-534BE0FAC86D}.Debug|x64.Build.0 = Debug|x64
		{C6055012-4576-4FE7-80E5-534BE0FAC86D}.Debug|x86.ActiveCfg = Debug|Win32
		{C6055012-4576-4FE7-80E5-534BE0FAC86D}.Debug|x86.Build.0 = Debug|Win32
		{C6055012-4576-4FE7-80E5-534BE0FAC86D}.Release|x64.ActiveCfg = Release|x64
		{C6055012-4576-4FE7-80E5-534BE0FAC86D}.Release|x64.Build.0 = Release|x64
		{C6055012-4576-4FE7-80E5-534BE0FAC86D}.Release|x86.ActiveCfg = Release|Win32
		{C6055012-4576-4FE7-80E5-534BE0FAC86D}.Release|x86.Build.0 = Release|Win32
		{73CAC2F0-FCFB-4722-BBA5-B456DD537FB3}.Debug|x64.ActiveCfg = Debug|x64
		{73CAC2F0-FCFB-4722-BBA5-B456DD537FB3}.Debug|x64.Build.0 = Debug|x64
		{73CAC2F0-FCFB-4722-BBA5-B456DD537FB3}.Debug|x86.ActiveCfg = Debug|Win32
		{73CAC2F0-FCFB-4722-BBA5-B456DD537FB3}.Debug|x86.Build.0 = Debug|Win32
		{73CAC2F0-FCFB-4722-BBA5-B456DD537FB3}.Release|x64.ActiveCfg = Release|x64
		{73CAC2F0-FCFB-4722-BBA5-B456DD537FB3}.Release|x64.Build.0 = Release|x64
		{73CAC2F0-FCFB-4722-BBA5-B456DD537FB3}.Release|x86.ActiveCfg = Release|Win32
		{73CAC2F0-FCFB-4722-BBA5-B456DD537FB3}.Release|x86.Build.0 = Release|Win32
		{1EC14889-CB1E-4431-93DA-1364A5B31189}.Debug|x64.ActiveCfg = Debug|x64
		{1EC14889-CB1E-4431-93DA-1364A5B31189}.Debug|x64.Build.0 = Debug|x64
		{1EC14889-CB1E-4431-93DA-1364A5B31189}.Debug|x86.ActiveCfg = Debug|Win32
		{1EC14889-CB1E-4431-93DA-1364A5B31189}.Debug|x86.Build.0 = Debug|Win32
		{1EC14889-CB1E-4431-93DA-1364A5B31189}.Release|x64.ActiveCfg = Release|x64
		{1EC14889-CB1E-4431-93DA-1364A5B31189}.Release|x64.Build.0 = Release|x64
		{1EC14889-CB1E-4431-93DA-1364A5B31189}.Release|x86.ActiveCfg = Release|Win32
		{1EC14889-CB1E-4431-93DA-1364A5B31189}.Release|x86.Build.0 = Release|Win32
		{1ADA798E-D9AD-4A13-86A0-C819227FA84F}.Debug|x64.ActiveCfg = Debug|x64
		{1ADA798E-D9AD-4A13-86A0-C819227FA84F}.Debug|x64.Build.0 = Debug|x64
		{1ADA798E-D9AD-4A13-86A0-C819227FA84F}.Debug|x86.ActiveCfg = Debug|Win32
		{1ADA798E-D9AD-4A13-86A0-C819227FA84F}.Debug|x86.Build.0 = Debug|Win32
		{1ADA798E-D9AD-4A13-86A0-C819227FA84F}.Release|x64.ActiveCfg = Release|x64
		{1ADA798E-D9AD-4A13-86A0-C819227FA84F}.Release|x64.Build.0 = Release|x64
		{1ADA798E-D9AD-4A13-86A0-C819227FA84F}.Release|x86.ActiveCfg = Release|Win32
		{1ADA798E-D9AD-4A13-86A0-C819227FA84F}.Release|x86.Build.0 = Release|Win32
		{B40848EC-F69F-4519-B703-6DC10193F261}.Debug|x64.ActiveCfg = Debug|x64
		{B40848EC-F69F-4519-B703-6DC10193F261}.Debug|x64.Build.0 = Debug|x64
		{B40848EC-F69F-4519-B703-6DC10193F261}.Debug|x86.ActiveCfg = Debug|Win32
		{B40848EC-F69F-4519-B703-6DC10193F261}.Debug|x86.Build.0 = Debug|Win32
		{B40848EC-F69F-4519-B703-6DC10193F261}.Release|x64.ActiveCfg = Release|x64
		{B40848EC-F69F-4519-B703-6DC10193F261}.Release|x64.Build.0 = Release|x64
		{B40848EC-F69F-4519-B703-6DC10193F261}.Release|x86.ActiveCfg = Release|Win32
		{B40848EC-F69F-4519-B703-6DC10193F261}.Release|x86.Build.0 = Release|Win32
		{AE421A3D-F5A3-401E-8C8A-7A8518CE21B8}.Debug|x64.ActiveCfg = Debug|x64
		{AE421A3D-F5A3-401E-8C8A-7A8518CE21B8}.Debug|x64.Build.0 = Debug|x64
		{AE421A3D-F5A3-401E-8C8A-7A8518CE21B8}.Debug|x86.ActiveCfg = Debug|Win32
		{AE421A3D-F5A3-401E-8C8A-7A8518CE21B8}.Debug|x86.Build.0 = Debug|Win32
		{AE421A3D-F5A3-401E-8C8A-7A8518CE21B8}.Release|x64.ActiveCfg = Release|x64
		{AE421A3D-F5A3-401E-8C8A-7A8518CE21B8}.Release|x64.Build.0 = Release|x64
		{AE421A3D-F5A3-401E-8C8A-7A8518CE21B8}.Release|x86.ActiveCfg = Release|Win32
		{AE421A3D-F5A3-401E-8C8A-7A8518CE21B8}.Release|x86.Build.0 = Release|Win32
		{EBCD31D3-30A2-48C1-ADE9-79CC22C7C20B}.Debug|x64.ActiveCfg = Debug|x64
		{EBCD31D3-30A2-48C1-ADE9-79CC22C7C20B}.Debug|x64.Build.0 = Debug|x64
		{EBCD31D3-30A2-48C1-ADE9-79CC22C7C20B}.Debug|x86.ActiveCfg = Debug|Win32
		{EBCD31D3-30A2-48C1-ADE9-79CC22C7C20B}.Debug|x86.Build.0 = Debug|Win32
		{EBCD31D3-30A2-48C1-ADE9-79CC22C7C20B}.Release|x64.ActiveCfg = Release|x64
		{EBCD31D3-30A2-48C1-ADE9-79CC22C7C20B}.Release|x64.Build.0 = Release|x64
		{EBCD31D3-30A2-48C1-ADE9-79CC22C7C20B}.Release|x86.ActiveCfg = Release|Win32
		{EBCD31D3-30A2-48C1-ADE9-79CC22C7C20B}.Release|x86.Build.0 = Release|Win32
		{4E62AD21-3850-4C46-A6A7-4788D146425F}.Debug|x64.ActiveCfg = Debug|x64
		{4E62AD21-3850-4C46-A6A7-4788D146425F}.Debug|x64.Build.0 = Debug|x64
		{4E62AD21-3850-4C46-A6A7-4788D146425F}.Debug|x86.ActiveCfg = Debug|Win32
		{4E62AD21-3850-4C46-A6A7-4788D146425F}.Debug|x86.Build.0 = Debug|Win32
		{4E62AD21-3850-4C46-A6A7-4788D146425F}.Release|x64.ActiveCfg = Release|x64
		{4E62AD21-3850-4C46-A6A7-4788D146425F}.Release|x64.Build.0 = Release|x64
		{4E62AD21-3850-4C46-A6A7-4788D146425F}.Release|x86.ActiveCfg = Release|Win32
		{4E62AD21-3850-4C46-A6A7-4788D146425F}.Release|x86.Build.0 = Release|Win32
		{5BBF8830-F3B3-4C3C-8C2A-39796EBF892C}.Debug|x64.ActiveCfg = Debug|x64
		{5BBF8830-F3B3-4C3C-8C2A-39796EBF892C}.Debug|x64.Build.0 = Debug|x64
		{5BBF8830-F3B3-4C3C-8C2A-39796EBF892C}.Debug|x86.ActiveCfg = Debug|Win32
		{5BBF8830-F3B3-4C3C-8C2A-39796EBF892C}.Debug|x86.Build.0 = Debug|Win32
		{5BBF8830-F3B3-4C3C-8C2A-39796EBF892C}.Release|x64.ActiveCfg = Release|x64
		{5BBF8830-F3B3-4C3C-8C2A-39796EBF892C}.Release|x64.Build.0 = Release|x64
		{5BBF8830-F3B3-4C3C-8C2A-39796EBF892C}.Release|x86.ActiveCfg = Release|Win32
		{5BBF8830-F3B3-4C3C-8C2A-39796EBF892C}.Release|x86.Build.0 = Release|Win32
		{680F5910-1216-4615-86A2-76715B81722A}.Debug|x64.ActiveCfg = Debug|x64
		{680F5910-1216-4615-86A2-76715B81722A}.Debug|x64.Build.0 = Debug|x64
		{680F5910-1216-4615-86A2-76715B81722A}.Debug|x86.ActiveCfg = Debug|Win32
		{680F5910-1216-4615-86A2-76715B81722A}.Debug|x86.Build.0 = Debug|Win32
		{680F5910-1216-4615-86A2-76715B81722A}.Release|x64.ActiveCfg = Release|x64
		{680F5910-1216-4615-86A2-76715B81722A}.Release|x64.Build.0 = Release|x64
		{680F5910-1216-4615-86A2-76715B81722A}.Release|x86.ActiveCfg = Release|Win32
		{680F5910-1216-4615-86A2-76715B81722A}.Release|x86.Build.0 = Release|Win32
		{5219D597-456A-4D50-8A79-A1A35E66C815}.Debug|x64.ActiveCfg = Debug|x64
		{5219D597-456A-4D50-8A79-A1A35E66C815}.Debug|x64.Build.0 = Debug|x64
		{5219D597-456A-4D50-8A79-A1A35E66C815}.Debug|x86.ActiveCfg = Debug|Win32
		{5219D597-456A-4D50-8A79-A1A35E66C815}.Debug|x86.Build.0 = Debug|Win32
		{5219D597-456A-4D50-8A79-A1A35E66C815}.Release|x64.ActiveCfg = Release|x64
		{5219D597-456A-4D50-8A79-A1A35E66C815}.Release|x64.Build.0 = Release|x64
		{5219D597-456A-4D50-8A79-A1A35E66C815}.Release|x86.ActiveCfg = Release|Win32
		{5219D597-456A-4D50-8A79-A1A35E66C815}.Release|x86.Build.0 = Release|Win32
		{FAAEAEDA-6456-4015-848E-1E7D7AB1F806}.Debug|x64.ActiveCfg = Debug|x64
		{FAAEAEDA-6456-4015-848E-1E7D7AB1F806}.Debug|x64.Build.0 = Debug|x64
		{FAAEAEDA-6456-4015-848E-1E7D7AB1F806}.Debug|x86.ActiveCfg = Debug|Win32
		{FAAEAEDA-6456-4015-848E-1E7D7AB1F806}.Debug|x86.Build.0 = Debug|Win32
		{FAAEAEDA-6456-4015-848E-1E7D7AB1F806}.Release|x64.ActiveCfg = Release|x64
		{FAAEAEDA-6456-4015-848E-1E7D7AB1F806}.Release|x64.Build.0 = Release|x64
		{FAAEAEDA-6456-4015-848E-1E7D7AB1F806}.Release|x86.ActiveCfg = Release|Win32
		{FAAEAEDA-6456-4015-848E-1E7D7AB1F806}.Release|x86.Build.0 = Release|Win32
	EndGlobalSection
	GlobalSection(SolutionProperties) = preSolution
		HideSolutionNode = FALSE
	EndGlobalSection
	GlobalSection(ExtensibilityGlobals) = postSolution
		SolutionGuid = {5EC474FD-5DD6-4E47-9DF4-BAB0A885C314}
	EndGlobalSection
EndGlobal
