
Microsoft Visual Studio Solution File, Format Version 12.00
# Visual Studio Version 16
VisualStudioVersion = 16.0.29926.136
MinimumVisualStudioVersion = 10.0.40219.1
Project("{8BC9CEB8-8B4A-11D0-8D11-00A0C91BC942}") = "LAB16_3", "LAB16_3\LAB16_3.vcxproj", "{EA60CD90-7284-4658-AC21-90D94AC1833F}"
EndProject
Project("{8BC9CEB8-8B4A-11D0-8D11-00A0C91BC942}") = "HW16_1", "HW16_1\HW16_1.vcxproj", "{6E2EECCC-11EA-4BB6-9087-55580EC5B3FF}"
EndProject
Project("{8BC9CEB8-8B4A-11D0-8D11-00A0C91BC942}") = "HW16_2", "HW16_2\HW16_2.vcxproj", "{F1D07D5B-EFFA-491C-B116-0DDD59C1FCB4}"
EndProject
Project("{8BC9CEB8-8B4A-11D0-8D11-00A0C91BC942}") = "LAB16_4", "LAB16_4\LAB16_4.vcxproj", "{B4177CC1-90C0-4CE6-8914-EEAF62631270}"
EndProject
Project("{8BC9CEB8-8B4A-11D0-8D11-00A0C91BC942}") = "LAB16_5", "LAB16_5\LAB16_5.vcxproj", "{61A64D45-8F8D-44DE-9A9A-070FD7B01D50}"
EndProject
Project("{8BC9CEB8-8B4A-11D0-8D11-00A0C91BC942}") = "HW16_3", "HW16_3\HW16_3.vcxproj", "{156E69CE-C9F9-4571-AF65-BF829AC18321}"
EndProject
Project("{8BC9CEB8-8B4A-11D0-8D11-00A0C91BC942}") = "HW4_3_1", "HW4_3_1\HW4_3_1.vcxproj", "{9B20A7BC-214D-4A2D-944C-B6D2A5A4D1E2}"
EndProject
Project("{8BC9CEB8-8B4A-11D0-8D11-00A0C91BC942}") = "HW4_3_0", "HW4_3_0\HW4_3_0.vcxproj", "{5E814F46-3BD9-4992-BBFD-C17EE1239EA6}"
EndProject
Project("{8BC9CEB8-8B4A-11D0-8D11-00A0C91BC942}") = "LAB4_3", "LAB4_3\LAB4_3.vcxproj", "{2300386F-2679-47FD-97BA-9CAEA2D6B26A}"
EndProject
Project("{8BC9CEB8-8B4A-11D0-8D11-00A0C91BC942}") = "LAB4_2", "LAB4_2\LAB4_2.vcxproj", "{0CEC6D7E-E1A9-4AB7-B8A3-B8676441A4C6}"
EndProject
Project("{8BC9CEB8-8B4A-11D0-8D11-00A0C91BC942}") = "LAB4_1_2", "LAB4_1_2\LAB4_1_2.vcxproj", "{7F2CB8B5-DF7A-4FE4-A562-46B3C83E9303}"
EndProject
Project("{8BC9CEB8-8B4A-11D0-8D11-00A0C91BC942}") = "HW4_1", "HW4_1\HW4_1.vcxproj", "{6DA7BADC-A5AA-4877-928C-CEF5AFE17002}"
EndProject
Project("{8BC9CEB8-8B4A-11D0-8D11-00A0C91BC942}") = "HW4_2", "HW4_2\HW4_2.vcxproj", "{EFEDBDD0-9A46-49BF-A0A0-80B10FE0BE2A}"
EndProject
Project("{8BC9CEB8-8B4A-11D0-8D11-00A0C91BC942}") = "HW4_4", "HW4_4\HW4_4.vcxproj", "{AE6E967A-D9B8-42E1-919F-83AF17E08872}"
EndProject
Project("{8BC9CEB8-8B4A-11D0-8D11-00A0C91BC942}") = "HW4_5_1", "HW4_5_1\HW4_5_1.vcxproj", "{CF468CF7-9E78-44E1-A51D-7385D9B4EA17}"
EndProject
Project("{8BC9CEB8-8B4A-11D0-8D11-00A0C91BC942}") = "HW4_5_2", "HW4_5_2\HW4_5_2.vcxproj", "{AA633981-3CE4-43BD-A988-39588566D305}"
EndProject
Global
	GlobalSection(SolutionConfigurationPlatforms) = preSolution
		Debug|x64 = Debug|x64
		Debug|x86 = Debug|x86
		Release|x64 = Release|x64
		Release|x86 = Release|x86
	EndGlobalSection
	GlobalSection(ProjectConfigurationPlatforms) = postSolution
		{EA60CD90-7284-4658-AC21-90D94AC1833F}.Debug|x64.ActiveCfg = Debug|x64
		{EA60CD90-7284-4658-AC21-90D94AC1833F}.Debug|x64.Build.0 = Debug|x64
		{EA60CD90-7284-4658-AC21-90D94AC1833F}.Debug|x86.ActiveCfg = Debug|Win32
		{EA60CD90-7284-4658-AC21-90D94AC1833F}.Debug|x86.Build.0 = Debug|Win32
		{EA60CD90-7284-4658-AC21-90D94AC1833F}.Release|x64.ActiveCfg = Release|x64
		{EA60CD90-7284-4658-AC21-90D94AC1833F}.Release|x64.Build.0 = Release|x64
		{EA60CD90-7284-4658-AC21-90D94AC1833F}.Release|x86.ActiveCfg = Release|Win32
		{EA60CD90-7284-4658-AC21-90D94AC1833F}.Release|x86.Build.0 = Release|Win32
		{6E2EECCC-11EA-4BB6-9087-55580EC5B3FF}.Debug|x64.ActiveCfg = Debug|x64
		{6E2EECCC-11EA-4BB6-9087-55580EC5B3FF}.Debug|x64.Build.0 = Debug|x64
		{6E2EECCC-11EA-4BB6-9087-55580EC5B3FF}.Debug|x86.ActiveCfg = Debug|Win32
		{6E2EECCC-11EA-4BB6-9087-55580EC5B3FF}.Debug|x86.Build.0 = Debug|Win32
		{6E2EECCC-11EA-4BB6-9087-55580EC5B3FF}.Release|x64.ActiveCfg = Release|x64
		{6E2EECCC-11EA-4BB6-9087-55580EC5B3FF}.Release|x64.Build.0 = Release|x64
		{6E2EECCC-11EA-4BB6-9087-55580EC5B3FF}.Release|x86.ActiveCfg = Release|Win32
		{6E2EECCC-11EA-4BB6-9087-55580EC5B3FF}.Release|x86.Build.0 = Release|Win32
		{F1D07D5B-EFFA-491C-B116-0DDD59C1FCB4}.Debug|x64.ActiveCfg = Debug|x64
		{F1D07D5B-EFFA-491C-B116-0DDD59C1FCB4}.Debug|x64.Build.0 = Debug|x64
		{F1D07D5B-EFFA-491C-B116-0DDD59C1FCB4}.Debug|x86.ActiveCfg = Debug|Win32
		{F1D07D5B-EFFA-491C-B116-0DDD59C1FCB4}.Debug|x86.Build.0 = Debug|Win32
		{F1D07D5B-EFFA-491C-B116-0DDD59C1FCB4}.Release|x64.ActiveCfg = Release|x64
		{F1D07D5B-EFFA-491C-B116-0DDD59C1FCB4}.Release|x64.Build.0 = Release|x64
		{F1D07D5B-EFFA-491C-B116-0DDD59C1FCB4}.Release|x86.ActiveCfg = Release|Win32
		{F1D07D5B-EFFA-491C-B116-0DDD59C1FCB4}.Release|x86.Build.0 = Release|Win32
		{B4177CC1-90C0-4CE6-8914-EEAF62631270}.Debug|x64.ActiveCfg = Debug|x64
		{B4177CC1-90C0-4CE6-8914-EEAF62631270}.Debug|x64.Build.0 = Debug|x64
		{B4177CC1-90C0-4CE6-8914-EEAF62631270}.Debug|x86.ActiveCfg = Debug|Win32
		{B4177CC1-90C0-4CE6-8914-EEAF62631270}.Debug|x86.Build.0 = Debug|Win32
		{B4177CC1-90C0-4CE6-8914-EEAF62631270}.Release|x64.ActiveCfg = Release|x64
		{B4177CC1-90C0-4CE6-8914-EEAF62631270}.Release|x64.Build.0 = Release|x64
		{B4177CC1-90C0-4CE6-8914-EEAF62631270}.Release|x86.ActiveCfg = Release|Win32
		{B4177CC1-90C0-4CE6-8914-EEAF62631270}.Release|x86.Build.0 = Release|Win32
		{61A64D45-8F8D-44DE-9A9A-070FD7B01D50}.Debug|x64.ActiveCfg = Debug|x64
		{61A64D45-8F8D-44DE-9A9A-070FD7B01D50}.Debug|x64.Build.0 = Debug|x64
		{61A64D45-8F8D-44DE-9A9A-070FD7B01D50}.Debug|x86.ActiveCfg = Debug|Win32
		{61A64D45-8F8D-44DE-9A9A-070FD7B01D50}.Debug|x86.Build.0 = Debug|Win32
		{61A64D45-8F8D-44DE-9A9A-070FD7B01D50}.Release|x64.ActiveCfg = Release|x64
		{61A64D45-8F8D-44DE-9A9A-070FD7B01D50}.Release|x64.Build.0 = Release|x64
		{61A64D45-8F8D-44DE-9A9A-070FD7B01D50}.Release|x86.ActiveCfg = Release|Win32
		{61A64D45-8F8D-44DE-9A9A-070FD7B01D50}.Release|x86.Build.0 = Release|Win32
		{156E69CE-C9F9-4571-AF65-BF829AC18321}.Debug|x64.ActiveCfg = Debug|x64
		{156E69CE-C9F9-4571-AF65-BF829AC18321}.Debug|x64.Build.0 = Debug|x64
		{156E69CE-C9F9-4571-AF65-BF829AC18321}.Debug|x86.ActiveCfg = Debug|Win32
		{156E69CE-C9F9-4571-AF65-BF829AC18321}.Debug|x86.Build.0 = Debug|Win32
		{156E69CE-C9F9-4571-AF65-BF829AC18321}.Release|x64.ActiveCfg = Release|x64
		{156E69CE-C9F9-4571-AF65-BF829AC18321}.Release|x64.Build.0 = Release|x64
		{156E69CE-C9F9-4571-AF65-BF829AC18321}.Release|x86.ActiveCfg = Release|Win32
		{156E69CE-C9F9-4571-AF65-BF829AC18321}.Release|x86.Build.0 = Release|Win32
		{9B20A7BC-214D-4A2D-944C-B6D2A5A4D1E2}.Debug|x64.ActiveCfg = Debug|x64
		{9B20A7BC-214D-4A2D-944C-B6D2A5A4D1E2}.Debug|x64.Build.0 = Debug|x64
		{9B20A7BC-214D-4A2D-944C-B6D2A5A4D1E2}.Debug|x86.ActiveCfg = Debug|Win32
		{9B20A7BC-214D-4A2D-944C-B6D2A5A4D1E2}.Debug|x86.Build.0 = Debug|Win32
		{9B20A7BC-214D-4A2D-944C-B6D2A5A4D1E2}.Release|x64.ActiveCfg = Release|x64
		{9B20A7BC-214D-4A2D-944C-B6D2A5A4D1E2}.Release|x64.Build.0 = Release|x64
		{9B20A7BC-214D-4A2D-944C-B6D2A5A4D1E2}.Release|x86.ActiveCfg = Release|Win32
		{9B20A7BC-214D-4A2D-944C-B6D2A5A4D1E2}.Release|x86.Build.0 = Release|Win32
		{5E814F46-3BD9-4992-BBFD-C17EE1239EA6}.Debug|x64.ActiveCfg = Debug|x64
		{5E814F46-3BD9-4992-BBFD-C17EE1239EA6}.Debug|x64.Build.0 = Debug|x64
		{5E814F46-3BD9-4992-BBFD-C17EE1239EA6}.Debug|x86.ActiveCfg = Debug|Win32
		{5E814F46-3BD9-4992-BBFD-C17EE1239EA6}.Debug|x86.Build.0 = Debug|Win32
		{5E814F46-3BD9-4992-BBFD-C17EE1239EA6}.Release|x64.ActiveCfg = Release|x64
		{5E814F46-3BD9-4992-BBFD-C17EE1239EA6}.Release|x64.Build.0 = Release|x64
		{5E814F46-3BD9-4992-BBFD-C17EE1239EA6}.Release|x86.ActiveCfg = Release|Win32
		{5E814F46-3BD9-4992-BBFD-C17EE1239EA6}.Release|x86.Build.0 = Release|Win32
		{2300386F-2679-47FD-97BA-9CAEA2D6B26A}.Debug|x64.ActiveCfg = Debug|x64
		{2300386F-2679-47FD-97BA-9CAEA2D6B26A}.Debug|x64.Build.0 = Debug|x64
		{2300386F-2679-47FD-97BA-9CAEA2D6B26A}.Debug|x86.ActiveCfg = Debug|Win32
		{2300386F-2679-47FD-97BA-9CAEA2D6B26A}.Debug|x86.Build.0 = Debug|Win32
		{2300386F-2679-47FD-97BA-9CAEA2D6B26A}.Release|x64.ActiveCfg = Release|x64
		{2300386F-2679-47FD-97BA-9CAEA2D6B26A}.Release|x64.Build.0 = Release|x64
		{2300386F-2679-47FD-97BA-9CAEA2D6B26A}.Release|x86.ActiveCfg = Release|Win32
		{2300386F-2679-47FD-97BA-9CAEA2D6B26A}.Release|x86.Build.0 = Release|Win32
		{0CEC6D7E-E1A9-4AB7-B8A3-B8676441A4C6}.Debug|x64.ActiveCfg = Debug|x64
		{0CEC6D7E-E1A9-4AB7-B8A3-B8676441A4C6}.Debug|x64.Build.0 = Debug|x64
		{0CEC6D7E-E1A9-4AB7-B8A3-B8676441A4C6}.Debug|x86.ActiveCfg = Debug|Win32
		{0CEC6D7E-E1A9-4AB7-B8A3-B8676441A4C6}.Debug|x86.Build.0 = Debug|Win32
		{0CEC6D7E-E1A9-4AB7-B8A3-B8676441A4C6}.Release|x64.ActiveCfg = Release|x64
		{0CEC6D7E-E1A9-4AB7-B8A3-B8676441A4C6}.Release|x64.Build.0 = Release|x64
		{0CEC6D7E-E1A9-4AB7-B8A3-B8676441A4C6}.Release|x86.ActiveCfg = Release|Win32
		{0CEC6D7E-E1A9-4AB7-B8A3-B8676441A4C6}.Release|x86.Build.0 = Release|Win32
		{7F2CB8B5-DF7A-4FE4-A562-46B3C83E9303}.Debug|x64.ActiveCfg = Debug|x64
		{7F2CB8B5-DF7A-4FE4-A562-46B3C83E9303}.Debug|x64.Build.0 = Debug|x64
		{7F2CB8B5-DF7A-4FE4-A562-46B3C83E9303}.Debug|x86.ActiveCfg = Debug|Win32
		{7F2CB8B5-DF7A-4FE4-A562-46B3C83E9303}.Debug|x86.Build.0 = Debug|Win32
		{7F2CB8B5-DF7A-4FE4-A562-46B3C83E9303}.Release|x64.ActiveCfg = Release|x64
		{7F2CB8B5-DF7A-4FE4-A562-46B3C83E9303}.Release|x64.Build.0 = Release|x64
		{7F2CB8B5-DF7A-4FE4-A562-46B3C83E9303}.Release|x86.ActiveCfg = Release|Win32
		{7F2CB8B5-DF7A-4FE4-A562-46B3C83E9303}.Release|x86.Build.0 = Release|Win32
		{6DA7BADC-A5AA-4877-928C-CEF5AFE17002}.Debug|x64.ActiveCfg = Debug|x64
		{6DA7BADC-A5AA-4877-928C-CEF5AFE17002}.Debug|x64.Build.0 = Debug|x64
		{6DA7BADC-A5AA-4877-928C-CEF5AFE17002}.Debug|x86.ActiveCfg = Debug|Win32
		{6DA7BADC-A5AA-4877-928C-CEF5AFE17002}.Debug|x86.Build.0 = Debug|Win32
		{6DA7BADC-A5AA-4877-928C-CEF5AFE17002}.Release|x64.ActiveCfg = Release|x64
		{6DA7BADC-A5AA-4877-928C-CEF5AFE17002}.Release|x64.Build.0 = Release|x64
		{6DA7BADC-A5AA-4877-928C-CEF5AFE17002}.Release|x86.ActiveCfg = Release|Win32
		{6DA7BADC-A5AA-4877-928C-CEF5AFE17002}.Release|x86.Build.0 = Release|Win32
		{EFEDBDD0-9A46-49BF-A0A0-80B10FE0BE2A}.Debug|x64.ActiveCfg = Debug|x64
		{EFEDBDD0-9A46-49BF-A0A0-80B10FE0BE2A}.Debug|x64.Build.0 = Debug|x64
		{EFEDBDD0-9A46-49BF-A0A0-80B10FE0BE2A}.Debug|x86.ActiveCfg = Debug|Win32
		{EFEDBDD0-9A46-49BF-A0A0-80B10FE0BE2A}.Debug|x86.Build.0 = Debug|Win32
		{EFEDBDD0-9A46-49BF-A0A0-80B10FE0BE2A}.Release|x64.ActiveCfg = Release|x64
		{EFEDBDD0-9A46-49BF-A0A0-80B10FE0BE2A}.Release|x64.Build.0 = Release|x64
		{EFEDBDD0-9A46-49BF-A0A0-80B10FE0BE2A}.Release|x86.ActiveCfg = Release|Win32
		{EFEDBDD0-9A46-49BF-A0A0-80B10FE0BE2A}.Release|x86.Build.0 = Release|Win32
		{AE6E967A-D9B8-42E1-919F-83AF17E08872}.Debug|x64.ActiveCfg = Debug|x64
		{AE6E967A-D9B8-42E1-919F-83AF17E08872}.Debug|x64.Build.0 = Debug|x64
		{AE6E967A-D9B8-42E1-919F-83AF17E08872}.Debug|x86.ActiveCfg = Debug|Win32
		{AE6E967A-D9B8-42E1-919F-83AF17E08872}.Debug|x86.Build.0 = Debug|Win32
		{AE6E967A-D9B8-42E1-919F-83AF17E08872}.Release|x64.ActiveCfg = Release|x64
		{AE6E967A-D9B8-42E1-919F-83AF17E08872}.Release|x64.Build.0 = Release|x64
		{AE6E967A-D9B8-42E1-919F-83AF17E08872}.Release|x86.ActiveCfg = Release|Win32
		{AE6E967A-D9B8-42E1-919F-83AF17E08872}.Release|x86.Build.0 = Release|Win32
		{CF468CF7-9E78-44E1-A51D-7385D9B4EA17}.Debug|x64.ActiveCfg = Debug|x64
		{CF468CF7-9E78-44E1-A51D-7385D9B4EA17}.Debug|x64.Build.0 = Debug|x64
		{CF468CF7-9E78-44E1-A51D-7385D9B4EA17}.Debug|x86.ActiveCfg = Debug|Win32
		{CF468CF7-9E78-44E1-A51D-7385D9B4EA17}.Debug|x86.Build.0 = Debug|Win32
		{CF468CF7-9E78-44E1-A51D-7385D9B4EA17}.Release|x64.ActiveCfg = Release|x64
		{CF468CF7-9E78-44E1-A51D-7385D9B4EA17}.Release|x64.Build.0 = Release|x64
		{CF468CF7-9E78-44E1-A51D-7385D9B4EA17}.Release|x86.ActiveCfg = Release|Win32
		{CF468CF7-9E78-44E1-A51D-7385D9B4EA17}.Release|x86.Build.0 = Release|Win32
		{AA633981-3CE4-43BD-A988-39588566D305}.Debug|x64.ActiveCfg = Debug|x64
		{AA633981-3CE4-43BD-A988-39588566D305}.Debug|x64.Build.0 = Debug|x64
		{AA633981-3CE4-43BD-A988-39588566D305}.Debug|x86.ActiveCfg = Debug|Win32
		{AA633981-3CE4-43BD-A988-39588566D305}.Debug|x86.Build.0 = Debug|Win32
		{AA633981-3CE4-43BD-A988-39588566D305}.Release|x64.ActiveCfg = Release|x64
		{AA633981-3CE4-43BD-A988-39588566D305}.Release|x64.Build.0 = Release|x64
		{AA633981-3CE4-43BD-A988-39588566D305}.Release|x86.ActiveCfg = Release|Win32
		{AA633981-3CE4-43BD-A988-39588566D305}.Release|x86.Build.0 = Release|Win32
	EndGlobalSection
	GlobalSection(SolutionProperties) = preSolution
		HideSolutionNode = FALSE
	EndGlobalSection
	GlobalSection(ExtensibilityGlobals) = postSolution
		SolutionGuid = {D1D14535-D58A-4248-AF89-FCFF3B09F532}
	EndGlobalSection
EndGlobal
