
Microsoft Visual Studio Solution File, Format Version 12.00
# Visual Studio Version 16
VisualStudioVersion = 16.0.29926.136
MinimumVisualStudioVersion = 10.0.40219.1
Project("{8BC9CEB8-8B4A-11D0-8D11-00A0C91BC942}") = "HW7_1", "HW7_1\HW7_1.vcxproj", "{AE652E2D-DC89-4CC6-B903-CB3E024CE154}"
EndProject
Project("{8BC9CEB8-8B4A-11D0-8D11-00A0C91BC942}") = "LAB1(재귀)", "LAB1(재귀)\LAB1(재귀).vcxproj", "{612C7B64-AD1A-49DF-A7DD-16123DFBEA14}"
EndProject
Project("{8BC9CEB8-8B4A-11D0-8D11-00A0C91BC942}") = "LAB2(재귀)", "LAB2(재귀)\LAB2(재귀).vcxproj", "{28DC5147-BA54-4DDA-8B74-24ABA9AD8222}"
EndProject
Global
	GlobalSection(SolutionConfigurationPlatforms) = preSolution
		Debug|x64 = Debug|x64
		Debug|x86 = Debug|x86
		Release|x64 = Release|x64
		Release|x86 = Release|x86
	EndGlobalSection
	GlobalSection(ProjectConfigurationPlatforms) = postSolution
		{AE652E2D-DC89-4CC6-B903-CB3E024CE154}.Debug|x64.ActiveCfg = Debug|x64
		{AE652E2D-DC89-4CC6-B903-CB3E024CE154}.Debug|x64.Build.0 = Debug|x64
		{AE652E2D-DC89-4CC6-B903-CB3E024CE154}.Debug|x86.ActiveCfg = Debug|Win32
		{AE652E2D-DC89-4CC6-B903-CB3E024CE154}.Debug|x86.Build.0 = Debug|Win32
		{AE652E2D-DC89-4CC6-B903-CB3E024CE154}.Release|x64.ActiveCfg = Release|x64
		{AE652E2D-DC89-4CC6-B903-CB3E024CE154}.Release|x64.Build.0 = Release|x64
		{AE652E2D-DC89-4CC6-B903-CB3E024CE154}.Release|x86.ActiveCfg = Release|Win32
		{AE652E2D-DC89-4CC6-B903-CB3E024CE154}.Release|x86.Build.0 = Release|Win32
		{612C7B64-AD1A-49DF-A7DD-16123DFBEA14}.Debug|x64.ActiveCfg = Debug|x64
		{612C7B64-AD1A-49DF-A7DD-16123DFBEA14}.Debug|x64.Build.0 = Debug|x64
		{612C7B64-AD1A-49DF-A7DD-16123DFBEA14}.Debug|x86.ActiveCfg = Debug|Win32
		{612C7B64-AD1A-49DF-A7DD-16123DFBEA14}.Debug|x86.Build.0 = Debug|Win32
		{612C7B64-AD1A-49DF-A7DD-16123DFBEA14}.Release|x64.ActiveCfg = Release|x64
		{612C7B64-AD1A-49DF-A7DD-16123DFBEA14}.Release|x64.Build.0 = Release|x64
		{612C7B64-AD1A-49DF-A7DD-16123DFBEA14}.Release|x86.ActiveCfg = Release|Win32
		{612C7B64-AD1A-49DF-A7DD-16123DFBEA14}.Release|x86.Build.0 = Release|Win32
		{28DC5147-BA54-4DDA-8B74-24ABA9AD8222}.Debug|x64.ActiveCfg = Debug|x64
		{28DC5147-BA54-4DDA-8B74-24ABA9AD8222}.Debug|x64.Build.0 = Debug|x64
		{28DC5147-BA54-4DDA-8B74-24ABA9AD8222}.Debug|x86.ActiveCfg = Debug|Win32
		{28DC5147-BA54-4DDA-8B74-24ABA9AD8222}.Debug|x86.Build.0 = Debug|Win32
		{28DC5147-BA54-4DDA-8B74-24ABA9AD8222}.Release|x64.ActiveCfg = Release|x64
		{28DC5147-BA54-4DDA-8B74-24ABA9AD8222}.Release|x64.Build.0 = Release|x64
		{28DC5147-BA54-4DDA-8B74-24ABA9AD8222}.Release|x86.ActiveCfg = Release|Win32
		{28DC5147-BA54-4DDA-8B74-24ABA9AD8222}.Release|x86.Build.0 = Release|Win32
	EndGlobalSection
	GlobalSection(SolutionProperties) = preSolution
		HideSolutionNode = FALSE
	EndGlobalSection
	GlobalSection(ExtensibilityGlobals) = postSolution
		SolutionGuid = {219D5A7C-1C26-43E7-80B7-F1FFF6DE76E0}
	EndGlobalSection
EndGlobal
